<?xml version="1.0" encoding="utf-8"?>
<Project ToolsVersion="4.0" xmlns="http://schemas.microsoft.com/developer/msbuild/2003">
  <ItemGroup>
    <Filter Include="DreamGarage">
      <UniqueIdentifier>{21d54276-cafc-402d-90bd-e85a75e62e7d}</UniqueIdentifier>
    </Filter>
  </ItemGroup>
  <ItemGroup>
    <ClCompile Include="..\..\..\DreamGarage\DreamGarage.cpp">
      <Filter>DreamGarage</Filter>
    </ClCompile>
    <ClCompile Include="..\..\..\DreamGarage\DreamClientMain.cpp" />
  </ItemGroup>
  <ItemGroup>
    <ClInclude Include="..\..\..\DreamGarage\DreamGarage.h">
      <Filter>DreamGarage</Filter>
    </ClInclude>
    <ClInclude Include="..\..\..\DreamGarage\DreamClientMain.h" />
  </ItemGroup>
</Project>