<?xml version="1.0" encoding="utf-8"?>
<Project ToolsVersion="4.0" xmlns="http://schemas.microsoft.com/developer/msbuild/2003">
  <ItemGroup>
    <Filter Include="DreamGarage">
      <UniqueIdentifier>{21d54276-cafc-402d-90bd-e85a75e62e7d}</UniqueIdentifier>
    </Filter>
    <Filter Include="NuGet">
      <UniqueIdentifier>{1d0fe8c3-66c4-45c0-9b03-1df9fdd72a94}</UniqueIdentifier>
    </Filter>
    <Filter Include="DreamGarage\DreamDesktopDuplicationApp">
      <UniqueIdentifier>{02b97d40-3f28-48b2-912f-1337b595efef}</UniqueIdentifier>
    </Filter>
    <Filter Include="DreamControlView">
      <UniqueIdentifier>{c9c3d6f7-3f11-4775-becc-ea0e3ae0f8f4}</UniqueIdentifier>
    </Filter>
    <Filter Include="DreamShareView">
      <UniqueIdentifier>{a44cccef-2203-40b9-ac0e-4cf38bac87bf}</UniqueIdentifier>
    </Filter>
    <Filter Include="DreamUserControlArea">
      <UniqueIdentifier>{d58234f1-4bce-4e2e-bd28-f72840f29357}</UniqueIdentifier>
    </Filter>
  </ItemGroup>
  <ItemGroup>
    <ClCompile Include="..\..\..\DreamGarage\DreamGarage.cpp">
      <Filter>DreamGarage</Filter>
    </ClCompile>
    <ClCompile Include="..\..\..\DreamGarage\DreamClientMain.cpp" />
    <ClCompile Include="..\..\..\DreamGarage\DreamDesktopDupplicationApp\DreamDesktopApp.cpp">
      <Filter>DreamGarage\DreamDesktopDuplicationApp</Filter>
    </ClCompile>
    <ClCompile Include="..\..\..\DreamGarage\Dream2DMouseApp.cpp">
      <Filter>DreamGarage</Filter>
    </ClCompile>
    <ClCompile Include="..\..\..\DreamGarage\DreamBrowser.cpp">
      <Filter>DreamGarage</Filter>
    </ClCompile>
    <ClCompile Include="..\..\..\DreamGarage\DreamContentView.cpp">
      <Filter>DreamGarage</Filter>
    </ClCompile>
    <ClCompile Include="..\..\..\DreamGarage\DreamControlBar.cpp">
      <Filter>DreamGarage</Filter>
    </ClCompile>
    <ClCompile Include="..\..\..\DreamGarage\DreamEnvironmentApp.cpp">
      <Filter>DreamGarage</Filter>
    </ClCompile>
    <ClCompile Include="..\..\..\DreamGarage\DreamTabView.cpp">
      <Filter>DreamGarage</Filter>
    </ClCompile>
    <ClCompile Include="..\..\..\DreamGarage\DreamUIBar.cpp">
      <Filter>DreamGarage</Filter>
    </ClCompile>
    <ClCompile Include="..\..\..\DreamControlView\DreamControlView.cpp">
      <Filter>DreamControlView</Filter>
    </ClCompile>
    <ClCompile Include="..\..\..\DreamControlView\UIControlBar.cpp">
      <Filter>DreamControlView</Filter>
    </ClCompile>
    <ClCompile Include="..\..\..\DreamShareView\DreamShareView.cpp">
      <Filter>DreamShareView</Filter>
    </ClCompile>
    <ClCompile Include="..\..\..\DreamUserControlArea\DreamUserControlArea.cpp">
      <Filter>DreamUserControlArea</Filter>
    </ClCompile>
  </ItemGroup>
  <ItemGroup>
    <ClInclude Include="..\..\..\DreamGarage\DreamGarage.h">
      <Filter>DreamGarage</Filter>
    </ClInclude>
    <ClInclude Include="..\..\..\DreamGarage\DreamClientMain.h" />
    <ClInclude Include="..\..\..\DreamGarage\DreamDesktopDupplicationApp\DreamDesktopApp.h">
      <Filter>DreamGarage\DreamDesktopDuplicationApp</Filter>
    </ClInclude>
    <ClInclude Include="..\..\..\DreamGarage\AudioDataMessage.h">
      <Filter>DreamGarage</Filter>
    </ClInclude>
    <ClInclude Include="..\..\..\DreamGarage\Dream2DMouseApp.h">
      <Filter>DreamGarage</Filter>
    </ClInclude>
    <ClInclude Include="..\..\..\DreamGarage\DreamBrowser.h">
      <Filter>DreamGarage</Filter>
    </ClInclude>
    <ClInclude Include="..\..\..\DreamGarage\DreamContentView.h">
      <Filter>DreamGarage</Filter>
    </ClInclude>
    <ClInclude Include="..\..\..\DreamGarage\DreamControlBar.h">
      <Filter>DreamGarage</Filter>
    </ClInclude>
    <ClInclude Include="..\..\..\DreamGarage\DreamEnvironmentApp.h">
      <Filter>DreamGarage</Filter>
    </ClInclude>
    <ClInclude Include="..\..\..\DreamGarage\DreamGarageMessage.h">
      <Filter>DreamGarage</Filter>
    </ClInclude>
    <ClInclude Include="..\..\..\DreamGarage\DreamTabView.h">
      <Filter>DreamGarage</Filter>
    </ClInclude>
    <ClInclude Include="..\..\..\DreamGarage\DreamUIBar.h">
      <Filter>DreamGarage</Filter>
    </ClInclude>
    <ClInclude Include="..\..\..\DreamGarage\UpdateHandMessage.h">
      <Filter>DreamGarage</Filter>
    </ClInclude>
    <ClInclude Include="..\..\..\DreamGarage\UpdateHeadMessage.h">
      <Filter>DreamGarage</Filter>
    </ClInclude>
    <ClInclude Include="..\..\..\DreamGarage\UpdateMouthMessage.h">
      <Filter>DreamGarage</Filter>
    </ClInclude>
    <ClInclude Include="..\..\..\DreamControlView\DreamControlView.h">
      <Filter>DreamControlView</Filter>
    </ClInclude>
    <ClInclude Include="..\..\..\DreamControlView\UIControlBar.h">
      <Filter>DreamControlView</Filter>
    </ClInclude>
    <ClInclude Include="..\..\..\DreamShareView\DreamShareView.h">
      <Filter>DreamShareView</Filter>
    </ClInclude>
    <ClInclude Include="..\..\..\DreamUserControlArea\DreamContentSource.h">
      <Filter>DreamUserControlArea</Filter>
    </ClInclude>
    <ClInclude Include="..\..\..\DreamUserControlArea\DreamUserControlArea.h">
      <Filter>DreamUserControlArea</Filter>
    </ClInclude>
  </ItemGroup>
  <ItemGroup>
    <None Include="..\DreamOS\packages.config">
      <Filter>NuGet</Filter>
    </None>
    <None Include="PropertySheet.props">
      <Filter>NuGet</Filter>
    </None>
    <None Include="..\DreamOS\DreamClient.development.nuspec">
      <Filter>NuGet</Filter>
    </None>
    <None Include="..\DreamOS\DreamClient.production.nuspec">
      <Filter>NuGet</Filter>
    </None>
  </ItemGroup>
</Project>