<?xml version="1.0" encoding="utf-8"?>
<Project ToolsVersion="4.0" xmlns="http://schemas.microsoft.com/developer/msbuild/2003">
  <ItemGroup>
    <Filter Include="DreamTestApp">
      <UniqueIdentifier>{138c12e6-d0c5-4f43-bf55-86e5e1d7c730}</UniqueIdentifier>
    </Filter>
    <Filter Include="DreamTestApp\Apps">
      <UniqueIdentifier>{ccfea577-8de2-41f4-972c-ed765b107946}</UniqueIdentifier>
    </Filter>
    <Filter Include="DreamTestApp\Suites">
      <UniqueIdentifier>{cbf798c9-57e1-4c87-9bb2-be69db954cc2}</UniqueIdentifier>
    </Filter>
    <Filter Include="DreamTestApp\Suites\Cloud">
      <UniqueIdentifier>{65ba5e44-46ad-4c29-8ddc-a33e6a0086f2}</UniqueIdentifier>
    </Filter>
    <Filter Include="DreamTestApp\Suites\OS">
      <UniqueIdentifier>{c3b99124-903d-401b-abf0-cc2d1c93d5b2}</UniqueIdentifier>
    </Filter>
    <Filter Include="DreamTestApp\Suites\MultiContent">
      <UniqueIdentifier>{8abfc879-2aa5-4ba3-87ee-19642a6a70ad}</UniqueIdentifier>
    </Filter>
    <Filter Include="DreamTestApp\Suites\HAL">
      <UniqueIdentifier>{3839d371-a72d-4747-b97b-ecedb76b768b}</UniqueIdentifier>
    </Filter>
    <Filter Include="DreamTestApp\Suites\InteractionEngine">
      <UniqueIdentifier>{2baa6fc2-9be6-4e5a-92a9-7f7e148a1067}</UniqueIdentifier>
    </Filter>
    <Filter Include="DreamTestApp\Suites\Physics">
      <UniqueIdentifier>{6ffba91d-8863-4aff-94f2-f42d8afbf876}</UniqueIdentifier>
    </Filter>
    <Filter Include="DreamTestApp\Suites\Collision">
      <UniqueIdentifier>{abc8d3e9-4bd6-4eea-a8ac-a0f3729a11a1}</UniqueIdentifier>
    </Filter>
    <Filter Include="DreamTestApp\Suites\Matrix">
      <UniqueIdentifier>{62326948-5eb7-4283-af3a-987c00fbcd7b}</UniqueIdentifier>
    </Filter>
    <Filter Include="DreamTestApp\Suites\Sandbox">
      <UniqueIdentifier>{059f3f4a-2d3a-432a-b8a9-b630d9b71629}</UniqueIdentifier>
    </Filter>
    <Filter Include="DreamTestApp\Suites\Sound">
      <UniqueIdentifier>{1d36ec48-0dd4-4c3a-b08f-4a0b6781f1d2}</UniqueIdentifier>
    </Filter>
    <Filter Include="DreamTestApp\Suites\UI">
      <UniqueIdentifier>{cfd35d3c-1642-439e-b581-6708594ddb58}</UniqueIdentifier>
    </Filter>
  </ItemGroup>
  <ItemGroup>
    <ClCompile Include="..\..\..\..\DreamTestApp\DreamTestApp.cpp">
      <Filter>DreamTestApp</Filter>
    </ClCompile>
    <ClCompile Include="..\..\..\..\DreamTestApp\DreamTestAppMain.cpp">
      <Filter>DreamTestApp</Filter>
    </ClCompile>
    <ClCompile Include="..\..\..\DreamTestingApp.cpp">
      <Filter>DreamTestApp\Apps</Filter>
    </ClCompile>
    <ClCompile Include="..\..\..\Cloud\CloudTestSuite.cpp">
      <Filter>DreamTestApp\Suites\Cloud</Filter>
    </ClCompile>
    <ClCompile Include="..\..\..\DreamOSTestSuite.cpp">
      <Filter>DreamTestApp\Suites\OS</Filter>
    </ClCompile>
    <ClCompile Include="..\..\..\DreamShareView\MultiContentTestSuite.cpp">
      <Filter>DreamTestApp\Suites\MultiContent</Filter>
    </ClCompile>
    <ClCompile Include="..\..\..\HAL\HALTestSuite.cpp">
      <Filter>DreamTestApp\Suites\HAL</Filter>
    </ClCompile>
    <ClCompile Include="..\..\..\InteractionEngine\InteractionEngineTestSuite.cpp">
      <Filter>DreamTestApp\Suites\InteractionEngine</Filter>
    </ClCompile>
    <ClCompile Include="..\..\..\PhysicsEngine\PhysicsEngineTestSuite.cpp">
      <Filter>DreamTestApp\Suites\Physics</Filter>
    </ClCompile>
    <ClCompile Include="..\..\..\PhysicsEngine\CollisionTestSuite.cpp">
      <Filter>DreamTestApp\Suites\Collision</Filter>
    </ClCompile>
    <ClCompile Include="..\..\..\Test\MatrixTestSuite.cpp">
      <Filter>DreamTestApp\Suites\Matrix</Filter>
    </ClCompile>
    <ClCompile Include="..\..\..\Sandbox\SandboxTestSuite.cpp">
      <Filter>DreamTestApp\Suites\Sandbox</Filter>
    </ClCompile>
    <ClCompile Include="..\..\..\Sound\SoundTestSuite.cpp">
      <Filter>DreamTestApp\Suites\Sound</Filter>
    </ClCompile>
    <ClCompile Include="..\..\..\UI\UIViewTestSuite.cpp">
      <Filter>DreamTestApp\Suites\UI</Filter>
    </ClCompile>
  </ItemGroup>
  <ItemGroup>
    <ClInclude Include="..\..\..\..\DreamTestApp\DreamTestApp.h">
      <Filter>DreamTestApp</Filter>
    </ClInclude>
    <ClInclude Include="..\..\..\..\DreamTestApp\DreamTestAppMain.h">
      <Filter>DreamTestApp</Filter>
    </ClInclude>
    <ClInclude Include="..\..\..\DreamTestingApp.h">
      <Filter>DreamTestApp\Apps</Filter>
    </ClInclude>
    <ClInclude Include="..\..\..\Cloud\CloudTestSuite.h">
      <Filter>DreamTestApp\Suites\Cloud</Filter>
    </ClInclude>
    <ClInclude Include="..\..\..\DreamOSTestSuite.h">
      <Filter>DreamTestApp\Suites\OS</Filter>
    </ClInclude>
    <ClInclude Include="..\..\..\DreamShareView\MultiContentTestSuite.h">
      <Filter>DreamTestApp\Suites\MultiContent</Filter>
    </ClInclude>
    <ClInclude Include="..\..\..\HAL\HALTestSuite.h">
      <Filter>DreamTestApp\Suites\HAL</Filter>
    </ClInclude>
    <ClInclude Include="..\..\..\InteractionEngine\InteractionEngineTestSuite.h">
      <Filter>DreamTestApp\Suites\InteractionEngine</Filter>
    </ClInclude>
    <ClInclude Include="..\..\..\PhysicsEngine\PhysicsEngineTestSuite.h">
      <Filter>DreamTestApp\Suites\Physics</Filter>
    </ClInclude>
    <ClInclude Include="..\..\..\PhysicsEngine\CollisionTestSuite.h">
      <Filter>DreamTestApp\Suites\Collision</Filter>
    </ClInclude>
    <ClInclude Include="..\..\..\Test\MatrixTestSuite.h">
      <Filter>DreamTestApp\Suites\Matrix</Filter>
    </ClInclude>
    <ClInclude Include="..\..\..\Sandbox\SandboxTestSuite.h">
      <Filter>DreamTestApp\Suites\Sandbox</Filter>
    </ClInclude>
    <ClInclude Include="..\..\..\Sound\SoundTestSuite.h">
      <Filter>DreamTestApp\Suites\Sound</Filter>
    </ClInclude>
    <ClInclude Include="..\..\..\UI\UIViewTestSuite.h">
      <Filter>DreamTestApp\Suites\UI</Filter>
    </ClInclude>
  </ItemGroup>
</Project>