
Microsoft Visual Studio Solution File, Format Version 12.00
# Visual Studio 15
VisualStudioVersion = 15.0.26730.12
MinimumVisualStudioVersion = 10.0.40219.1
Project("{8BC9CEB8-8B4A-11D0-8D11-00A0C91BC942}") = "DreamOS", "DreamOS.vcxproj", "{E8896328-06EB-43A0-902C-59C3D2F3A3B5}"
EndProject
Project("{8BC9CEB8-8B4A-11D0-8D11-00A0C91BC942}") = "DreamCef", "..\DreamCef\DreamCef.vcxproj", "{6CDA867A-5D2E-4BA0-8A31-5F8B21B8BF6A}"
	ProjectSection(ProjectDependencies) = postProject
		{E8896328-06EB-43A0-902C-59C3D2F3A3B5} = {E8896328-06EB-43A0-902C-59C3D2F3A3B5}
	EndProjectSection
EndProject
Project("{FAE04EC0-301F-11D3-BF4B-00C04F79EFBC}") = "DreamLaunch", "..\DreamLaunch\DreamLaunch.csproj", "{72DE702F-CC98-4A96-B158-D6C718C4853F}"
EndProject
Project("{8BC9CEB8-8B4A-11D0-8D11-00A0C91BC942}") = "DreamDesktopCapture", "..\DreamDesktopDuplication\DesktopDuplication.vcxproj", "{05050918-71E9-AF87-0B3C-6F34D471A55A}"
EndProject
Project("{8BC9CEB8-8B4A-11D0-8D11-00A0C91BC942}") = "DreamTestApp", "..\DreamTestApp\DreamTestApp.vcxproj", "{8DBC8FAA-116E-45A1-AB2C-3785CB553FC1}"
	ProjectSection(ProjectDependencies) = postProject
		{05050918-71E9-AF87-0B3C-6F34D471A55A} = {05050918-71E9-AF87-0B3C-6F34D471A55A}
		{E8896328-06EB-43A0-902C-59C3D2F3A3B5} = {E8896328-06EB-43A0-902C-59C3D2F3A3B5}
		{72DE702F-CC98-4A96-B158-D6C718C4853F} = {72DE702F-CC98-4A96-B158-D6C718C4853F}
		{6CDA867A-5D2E-4BA0-8A31-5F8B21B8BF6A} = {6CDA867A-5D2E-4BA0-8A31-5F8B21B8BF6A}
		{D535A994-198C-4D89-99C9-704DA30FC0AD} = {D535A994-198C-4D89-99C9-704DA30FC0AD}
	EndProjectSection
EndProject
Project("{8BC9CEB8-8B4A-11D0-8D11-00A0C91BC942}") = "DreamClient", "..\DreamClient\DreamClient.vcxproj", "{D535A994-198C-4D89-99C9-704DA30FC0AD}"
	ProjectSection(ProjectDependencies) = postProject
		{05050918-71E9-AF87-0B3C-6F34D471A55A} = {05050918-71E9-AF87-0B3C-6F34D471A55A}
		{E8896328-06EB-43A0-902C-59C3D2F3A3B5} = {E8896328-06EB-43A0-902C-59C3D2F3A3B5}
		{72DE702F-CC98-4A96-B158-D6C718C4853F} = {72DE702F-CC98-4A96-B158-D6C718C4853F}
		{6CDA867A-5D2E-4BA0-8A31-5F8B21B8BF6A} = {6CDA867A-5D2E-4BA0-8A31-5F8B21B8BF6A}
	EndProjectSection
EndProject
Global
	GlobalSection(SolutionConfigurationPlatforms) = preSolution
		Debug|Any CPU = Debug|Any CPU
		Debug|ARM = Debug|ARM
		Debug|ARM64 = Debug|ARM64
		Debug|x64 = Debug|x64
		Debug|x86 = Debug|x86
		DevProduction|Any CPU = DevProduction|Any CPU
		DevProduction|ARM = DevProduction|ARM
		DevProduction|ARM64 = DevProduction|ARM64
		DevProduction|x64 = DevProduction|x64
		DevProduction|x86 = DevProduction|x86
		Production|Any CPU = Production|Any CPU
		Production|ARM = Production|ARM
		Production|ARM64 = Production|ARM64
		Production|x64 = Production|x64
		Production|x86 = Production|x86
		Release|Any CPU = Release|Any CPU
		Release|ARM = Release|ARM
		Release|ARM64 = Release|ARM64
		Release|x64 = Release|x64
		Release|x86 = Release|x86
		Testing|Any CPU = Testing|Any CPU
		Testing|ARM = Testing|ARM
		Testing|ARM64 = Testing|ARM64
		Testing|x64 = Testing|x64
		Testing|x86 = Testing|x86
		TestingRelease|Any CPU = TestingRelease|Any CPU
		TestingRelease|ARM = TestingRelease|ARM
		TestingRelease|ARM64 = TestingRelease|ARM64
		TestingRelease|x64 = TestingRelease|x64
		TestingRelease|x86 = TestingRelease|x86
		TestingWithReleaseBinaries|Any CPU = TestingWithReleaseBinaries|Any CPU
		TestingWithReleaseBinaries|ARM = TestingWithReleaseBinaries|ARM
		TestingWithReleaseBinaries|ARM64 = TestingWithReleaseBinaries|ARM64
		TestingWithReleaseBinaries|x64 = TestingWithReleaseBinaries|x64
		TestingWithReleaseBinaries|x86 = TestingWithReleaseBinaries|x86
	EndGlobalSection
	GlobalSection(ProjectConfigurationPlatforms) = postSolution
		{E8896328-06EB-43A0-902C-59C3D2F3A3B5}.Debug|Any CPU.ActiveCfg = Debug|Win32
		{E8896328-06EB-43A0-902C-59C3D2F3A3B5}.Debug|ARM.ActiveCfg = Debug|Win32
		{E8896328-06EB-43A0-902C-59C3D2F3A3B5}.Debug|ARM64.ActiveCfg = Debug|Win32
		{E8896328-06EB-43A0-902C-59C3D2F3A3B5}.Debug|x64.ActiveCfg = Debug|x64
		{E8896328-06EB-43A0-902C-59C3D2F3A3B5}.Debug|x64.Build.0 = Debug|x64
		{E8896328-06EB-43A0-902C-59C3D2F3A3B5}.Debug|x86.ActiveCfg = Debug|Win32
		{E8896328-06EB-43A0-902C-59C3D2F3A3B5}.Debug|x86.Build.0 = Debug|Win32
		{E8896328-06EB-43A0-902C-59C3D2F3A3B5}.DevProduction|Any CPU.ActiveCfg = DevProduction|Win32
		{E8896328-06EB-43A0-902C-59C3D2F3A3B5}.DevProduction|ARM.ActiveCfg = DevProduction|Win32
		{E8896328-06EB-43A0-902C-59C3D2F3A3B5}.DevProduction|ARM64.ActiveCfg = DevProduction|Win32
		{E8896328-06EB-43A0-902C-59C3D2F3A3B5}.DevProduction|x64.ActiveCfg = Release|x64
		{E8896328-06EB-43A0-902C-59C3D2F3A3B5}.DevProduction|x64.Build.0 = Release|x64
		{E8896328-06EB-43A0-902C-59C3D2F3A3B5}.DevProduction|x86.ActiveCfg = DevProduction|Win32
		{E8896328-06EB-43A0-902C-59C3D2F3A3B5}.DevProduction|x86.Build.0 = DevProduction|Win32
		{E8896328-06EB-43A0-902C-59C3D2F3A3B5}.Production|Any CPU.ActiveCfg = Production|Win32
		{E8896328-06EB-43A0-902C-59C3D2F3A3B5}.Production|ARM.ActiveCfg = Production|Win32
		{E8896328-06EB-43A0-902C-59C3D2F3A3B5}.Production|ARM64.ActiveCfg = Production|Win32
		{E8896328-06EB-43A0-902C-59C3D2F3A3B5}.Production|x64.ActiveCfg = Release|x64
		{E8896328-06EB-43A0-902C-59C3D2F3A3B5}.Production|x64.Build.0 = Release|x64
		{E8896328-06EB-43A0-902C-59C3D2F3A3B5}.Production|x86.ActiveCfg = Production|Win32
		{E8896328-06EB-43A0-902C-59C3D2F3A3B5}.Production|x86.Build.0 = Production|Win32
		{E8896328-06EB-43A0-902C-59C3D2F3A3B5}.Release|Any CPU.ActiveCfg = Release|Win32
		{E8896328-06EB-43A0-902C-59C3D2F3A3B5}.Release|ARM.ActiveCfg = Release|Win32
		{E8896328-06EB-43A0-902C-59C3D2F3A3B5}.Release|ARM64.ActiveCfg = Release|Win32
		{E8896328-06EB-43A0-902C-59C3D2F3A3B5}.Release|x64.ActiveCfg = Release|x64
		{E8896328-06EB-43A0-902C-59C3D2F3A3B5}.Release|x64.Build.0 = Release|x64
		{E8896328-06EB-43A0-902C-59C3D2F3A3B5}.Release|x86.ActiveCfg = Release|Win32
		{E8896328-06EB-43A0-902C-59C3D2F3A3B5}.Release|x86.Build.0 = Release|Win32
		{E8896328-06EB-43A0-902C-59C3D2F3A3B5}.Testing|Any CPU.ActiveCfg = Testing|Win32
		{E8896328-06EB-43A0-902C-59C3D2F3A3B5}.Testing|ARM.ActiveCfg = Testing|Win32
		{E8896328-06EB-43A0-902C-59C3D2F3A3B5}.Testing|ARM64.ActiveCfg = Testing|Win32
		{E8896328-06EB-43A0-902C-59C3D2F3A3B5}.Testing|x64.ActiveCfg = Debug|x64
		{E8896328-06EB-43A0-902C-59C3D2F3A3B5}.Testing|x64.Build.0 = Debug|x64
		{E8896328-06EB-43A0-902C-59C3D2F3A3B5}.Testing|x86.ActiveCfg = Release|Win32
		{E8896328-06EB-43A0-902C-59C3D2F3A3B5}.Testing|x86.Build.0 = Release|Win32
		{E8896328-06EB-43A0-902C-59C3D2F3A3B5}.TestingRelease|Any CPU.ActiveCfg = TestingRelease|Win32
		{E8896328-06EB-43A0-902C-59C3D2F3A3B5}.TestingRelease|ARM.ActiveCfg = TestingRelease|Win32
		{E8896328-06EB-43A0-902C-59C3D2F3A3B5}.TestingRelease|ARM64.ActiveCfg = TestingRelease|Win32
		{E8896328-06EB-43A0-902C-59C3D2F3A3B5}.TestingRelease|x64.ActiveCfg = Release|x64
		{E8896328-06EB-43A0-902C-59C3D2F3A3B5}.TestingRelease|x64.Build.0 = Release|x64
		{E8896328-06EB-43A0-902C-59C3D2F3A3B5}.TestingRelease|x86.ActiveCfg = Release|Win32
		{E8896328-06EB-43A0-902C-59C3D2F3A3B5}.TestingRelease|x86.Build.0 = Release|Win32
		{E8896328-06EB-43A0-902C-59C3D2F3A3B5}.TestingWithReleaseBinaries|Any CPU.ActiveCfg = TestingWithReleaseBinaries|Win32
		{E8896328-06EB-43A0-902C-59C3D2F3A3B5}.TestingWithReleaseBinaries|ARM.ActiveCfg = TestingWithReleaseBinaries|Win32
		{E8896328-06EB-43A0-902C-59C3D2F3A3B5}.TestingWithReleaseBinaries|ARM64.ActiveCfg = TestingWithReleaseBinaries|Win32
		{E8896328-06EB-43A0-902C-59C3D2F3A3B5}.TestingWithReleaseBinaries|x64.ActiveCfg = Release|x64
		{E8896328-06EB-43A0-902C-59C3D2F3A3B5}.TestingWithReleaseBinaries|x64.Build.0 = Release|x64
		{E8896328-06EB-43A0-902C-59C3D2F3A3B5}.TestingWithReleaseBinaries|x86.ActiveCfg = TestingWithReleaseBinaries|Win32
		{E8896328-06EB-43A0-902C-59C3D2F3A3B5}.TestingWithReleaseBinaries|x86.Build.0 = TestingWithReleaseBinaries|Win32
		{6CDA867A-5D2E-4BA0-8A31-5F8B21B8BF6A}.Debug|Any CPU.ActiveCfg = Debug|Win32
		{6CDA867A-5D2E-4BA0-8A31-5F8B21B8BF6A}.Debug|ARM.ActiveCfg = Debug|Win32
		{6CDA867A-5D2E-4BA0-8A31-5F8B21B8BF6A}.Debug|ARM64.ActiveCfg = Debug|Win32
		{6CDA867A-5D2E-4BA0-8A31-5F8B21B8BF6A}.Debug|x64.ActiveCfg = Release|x64
		{6CDA867A-5D2E-4BA0-8A31-5F8B21B8BF6A}.Debug|x64.Build.0 = Release|x64
		{6CDA867A-5D2E-4BA0-8A31-5F8B21B8BF6A}.Debug|x86.ActiveCfg = Debug|Win32
		{6CDA867A-5D2E-4BA0-8A31-5F8B21B8BF6A}.Debug|x86.Build.0 = Debug|Win32
		{6CDA867A-5D2E-4BA0-8A31-5F8B21B8BF6A}.DevProduction|Any CPU.ActiveCfg = DevProduction|Win32
		{6CDA867A-5D2E-4BA0-8A31-5F8B21B8BF6A}.DevProduction|ARM.ActiveCfg = DevProduction|Win32
		{6CDA867A-5D2E-4BA0-8A31-5F8B21B8BF6A}.DevProduction|ARM64.ActiveCfg = DevProduction|Win32
		{6CDA867A-5D2E-4BA0-8A31-5F8B21B8BF6A}.DevProduction|x64.ActiveCfg = DevProduction|x64
		{6CDA867A-5D2E-4BA0-8A31-5F8B21B8BF6A}.DevProduction|x64.Build.0 = DevProduction|x64
		{6CDA867A-5D2E-4BA0-8A31-5F8B21B8BF6A}.DevProduction|x86.ActiveCfg = Debug|Win32
		{6CDA867A-5D2E-4BA0-8A31-5F8B21B8BF6A}.DevProduction|x86.Build.0 = Debug|Win32
		{6CDA867A-5D2E-4BA0-8A31-5F8B21B8BF6A}.Production|Any CPU.ActiveCfg = Production|Win32
		{6CDA867A-5D2E-4BA0-8A31-5F8B21B8BF6A}.Production|ARM.ActiveCfg = Production|Win32
		{6CDA867A-5D2E-4BA0-8A31-5F8B21B8BF6A}.Production|ARM64.ActiveCfg = Production|Win32
		{6CDA867A-5D2E-4BA0-8A31-5F8B21B8BF6A}.Production|x64.ActiveCfg = Production|x64
		{6CDA867A-5D2E-4BA0-8A31-5F8B21B8BF6A}.Production|x64.Build.0 = Production|x64
		{6CDA867A-5D2E-4BA0-8A31-5F8B21B8BF6A}.Production|x86.ActiveCfg = Release|Win32
		{6CDA867A-5D2E-4BA0-8A31-5F8B21B8BF6A}.Production|x86.Build.0 = Release|Win32
		{6CDA867A-5D2E-4BA0-8A31-5F8B21B8BF6A}.Release|Any CPU.ActiveCfg = Release|Win32
		{6CDA867A-5D2E-4BA0-8A31-5F8B21B8BF6A}.Release|ARM.ActiveCfg = Release|Win32
		{6CDA867A-5D2E-4BA0-8A31-5F8B21B8BF6A}.Release|ARM64.ActiveCfg = Release|Win32
		{6CDA867A-5D2E-4BA0-8A31-5F8B21B8BF6A}.Release|x64.ActiveCfg = Release|x64
		{6CDA867A-5D2E-4BA0-8A31-5F8B21B8BF6A}.Release|x64.Build.0 = Release|x64
		{6CDA867A-5D2E-4BA0-8A31-5F8B21B8BF6A}.Release|x86.ActiveCfg = Release|Win32
		{6CDA867A-5D2E-4BA0-8A31-5F8B21B8BF6A}.Release|x86.Build.0 = Release|Win32
		{6CDA867A-5D2E-4BA0-8A31-5F8B21B8BF6A}.Testing|Any CPU.ActiveCfg = Testing|Win32
		{6CDA867A-5D2E-4BA0-8A31-5F8B21B8BF6A}.Testing|ARM.ActiveCfg = Testing|Win32
		{6CDA867A-5D2E-4BA0-8A31-5F8B21B8BF6A}.Testing|ARM64.ActiveCfg = Testing|Win32
		{6CDA867A-5D2E-4BA0-8A31-5F8B21B8BF6A}.Testing|x64.ActiveCfg = Testing|x64
		{6CDA867A-5D2E-4BA0-8A31-5F8B21B8BF6A}.Testing|x64.Build.0 = Testing|x64
		{6CDA867A-5D2E-4BA0-8A31-5F8B21B8BF6A}.Testing|x86.ActiveCfg = Release|Win32
		{6CDA867A-5D2E-4BA0-8A31-5F8B21B8BF6A}.TestingRelease|Any CPU.ActiveCfg = TestingRelease|Win32
		{6CDA867A-5D2E-4BA0-8A31-5F8B21B8BF6A}.TestingRelease|ARM.ActiveCfg = TestingRelease|Win32
		{6CDA867A-5D2E-4BA0-8A31-5F8B21B8BF6A}.TestingRelease|ARM64.ActiveCfg = TestingRelease|Win32
		{6CDA867A-5D2E-4BA0-8A31-5F8B21B8BF6A}.TestingRelease|x64.ActiveCfg = TestingRelease|x64
		{6CDA867A-5D2E-4BA0-8A31-5F8B21B8BF6A}.TestingRelease|x64.Build.0 = TestingRelease|x64
		{6CDA867A-5D2E-4BA0-8A31-5F8B21B8BF6A}.TestingRelease|x86.ActiveCfg = TestingRelease|Win32
		{6CDA867A-5D2E-4BA0-8A31-5F8B21B8BF6A}.TestingRelease|x86.Build.0 = TestingRelease|Win32
		{6CDA867A-5D2E-4BA0-8A31-5F8B21B8BF6A}.TestingWithReleaseBinaries|Any CPU.ActiveCfg = TestingWithReleaseBinaries|Win32
		{6CDA867A-5D2E-4BA0-8A31-5F8B21B8BF6A}.TestingWithReleaseBinaries|ARM.ActiveCfg = TestingWithReleaseBinaries|Win32
		{6CDA867A-5D2E-4BA0-8A31-5F8B21B8BF6A}.TestingWithReleaseBinaries|ARM64.ActiveCfg = TestingWithReleaseBinaries|Win32
		{6CDA867A-5D2E-4BA0-8A31-5F8B21B8BF6A}.TestingWithReleaseBinaries|x64.ActiveCfg = Release|x64
		{6CDA867A-5D2E-4BA0-8A31-5F8B21B8BF6A}.TestingWithReleaseBinaries|x64.Build.0 = Release|x64
		{6CDA867A-5D2E-4BA0-8A31-5F8B21B8BF6A}.TestingWithReleaseBinaries|x86.ActiveCfg = TestingWithReleaseBinaries|Win32
		{6CDA867A-5D2E-4BA0-8A31-5F8B21B8BF6A}.TestingWithReleaseBinaries|x86.Build.0 = TestingWithReleaseBinaries|Win32
		{72DE702F-CC98-4A96-B158-D6C718C4853F}.Debug|Any CPU.ActiveCfg = Debug|Any CPU
		{72DE702F-CC98-4A96-B158-D6C718C4853F}.Debug|Any CPU.Build.0 = Debug|Any CPU
		{72DE702F-CC98-4A96-B158-D6C718C4853F}.Debug|ARM.ActiveCfg = Debug|Any CPU
		{72DE702F-CC98-4A96-B158-D6C718C4853F}.Debug|ARM.Build.0 = Debug|Any CPU
		{72DE702F-CC98-4A96-B158-D6C718C4853F}.Debug|ARM64.ActiveCfg = Debug|Any CPU
		{72DE702F-CC98-4A96-B158-D6C718C4853F}.Debug|ARM64.Build.0 = Debug|Any CPU
		{72DE702F-CC98-4A96-B158-D6C718C4853F}.Debug|x64.ActiveCfg = Debug|x64
		{72DE702F-CC98-4A96-B158-D6C718C4853F}.Debug|x64.Build.0 = Debug|x64
		{72DE702F-CC98-4A96-B158-D6C718C4853F}.Debug|x86.ActiveCfg = Debug|Any CPU
		{72DE702F-CC98-4A96-B158-D6C718C4853F}.Debug|x86.Build.0 = Debug|Any CPU
		{72DE702F-CC98-4A96-B158-D6C718C4853F}.DevProduction|Any CPU.ActiveCfg = Debug|Any CPU
		{72DE702F-CC98-4A96-B158-D6C718C4853F}.DevProduction|Any CPU.Build.0 = Debug|Any CPU
		{72DE702F-CC98-4A96-B158-D6C718C4853F}.DevProduction|ARM.ActiveCfg = Debug|Any CPU
		{72DE702F-CC98-4A96-B158-D6C718C4853F}.DevProduction|ARM.Build.0 = Debug|Any CPU
		{72DE702F-CC98-4A96-B158-D6C718C4853F}.DevProduction|ARM64.ActiveCfg = DevProduction|Any CPU
		{72DE702F-CC98-4A96-B158-D6C718C4853F}.DevProduction|ARM64.Build.0 = DevProduction|Any CPU
		{72DE702F-CC98-4A96-B158-D6C718C4853F}.DevProduction|x64.ActiveCfg = DevProduction|x64
		{72DE702F-CC98-4A96-B158-D6C718C4853F}.DevProduction|x64.Build.0 = DevProduction|x64
		{72DE702F-CC98-4A96-B158-D6C718C4853F}.DevProduction|x86.ActiveCfg = Debug|Any CPU
		{72DE702F-CC98-4A96-B158-D6C718C4853F}.DevProduction|x86.Build.0 = Debug|Any CPU
		{72DE702F-CC98-4A96-B158-D6C718C4853F}.Production|Any CPU.ActiveCfg = Release|Any CPU
		{72DE702F-CC98-4A96-B158-D6C718C4853F}.Production|Any CPU.Build.0 = Release|Any CPU
		{72DE702F-CC98-4A96-B158-D6C718C4853F}.Production|ARM.ActiveCfg = Release|Any CPU
		{72DE702F-CC98-4A96-B158-D6C718C4853F}.Production|ARM.Build.0 = Release|Any CPU
		{72DE702F-CC98-4A96-B158-D6C718C4853F}.Production|ARM64.ActiveCfg = Production|Any CPU
		{72DE702F-CC98-4A96-B158-D6C718C4853F}.Production|ARM64.Build.0 = Production|Any CPU
		{72DE702F-CC98-4A96-B158-D6C718C4853F}.Production|x64.ActiveCfg = Production|x64
		{72DE702F-CC98-4A96-B158-D6C718C4853F}.Production|x64.Build.0 = Production|x64
		{72DE702F-CC98-4A96-B158-D6C718C4853F}.Production|x86.ActiveCfg = Release|Any CPU
		{72DE702F-CC98-4A96-B158-D6C718C4853F}.Production|x86.Build.0 = Release|Any CPU
		{72DE702F-CC98-4A96-B158-D6C718C4853F}.Release|Any CPU.ActiveCfg = Release|Any CPU
		{72DE702F-CC98-4A96-B158-D6C718C4853F}.Release|Any CPU.Build.0 = Release|Any CPU
		{72DE702F-CC98-4A96-B158-D6C718C4853F}.Release|ARM.ActiveCfg = Release|Any CPU
		{72DE702F-CC98-4A96-B158-D6C718C4853F}.Release|ARM.Build.0 = Release|Any CPU
		{72DE702F-CC98-4A96-B158-D6C718C4853F}.Release|ARM64.ActiveCfg = Release|Any CPU
		{72DE702F-CC98-4A96-B158-D6C718C4853F}.Release|ARM64.Build.0 = Release|Any CPU
		{72DE702F-CC98-4A96-B158-D6C718C4853F}.Release|x64.ActiveCfg = Release|x64
		{72DE702F-CC98-4A96-B158-D6C718C4853F}.Release|x64.Build.0 = Release|x64
		{72DE702F-CC98-4A96-B158-D6C718C4853F}.Release|x86.ActiveCfg = Release|Any CPU
		{72DE702F-CC98-4A96-B158-D6C718C4853F}.Release|x86.Build.0 = Release|Any CPU
		{72DE702F-CC98-4A96-B158-D6C718C4853F}.Testing|Any CPU.ActiveCfg = Release|Any CPU
		{72DE702F-CC98-4A96-B158-D6C718C4853F}.Testing|Any CPU.Build.0 = Release|Any CPU
		{72DE702F-CC98-4A96-B158-D6C718C4853F}.Testing|ARM.ActiveCfg = Release|Any CPU
		{72DE702F-CC98-4A96-B158-D6C718C4853F}.Testing|ARM.Build.0 = Release|Any CPU
		{72DE702F-CC98-4A96-B158-D6C718C4853F}.Testing|ARM64.ActiveCfg = Production|Any CPU
		{72DE702F-CC98-4A96-B158-D6C718C4853F}.Testing|ARM64.Build.0 = Production|Any CPU
		{72DE702F-CC98-4A96-B158-D6C718C4853F}.Testing|x64.ActiveCfg = Debug|x64
		{72DE702F-CC98-4A96-B158-D6C718C4853F}.Testing|x64.Build.0 = Debug|x64
		{72DE702F-CC98-4A96-B158-D6C718C4853F}.Testing|x86.ActiveCfg = Release|Any CPU
		{72DE702F-CC98-4A96-B158-D6C718C4853F}.Testing|x86.Build.0 = Release|Any CPU
		{72DE702F-CC98-4A96-B158-D6C718C4853F}.TestingRelease|Any CPU.ActiveCfg = Release|Any CPU
		{72DE702F-CC98-4A96-B158-D6C718C4853F}.TestingRelease|Any CPU.Build.0 = Release|Any CPU
		{72DE702F-CC98-4A96-B158-D6C718C4853F}.TestingRelease|ARM.ActiveCfg = Release|Any CPU
		{72DE702F-CC98-4A96-B158-D6C718C4853F}.TestingRelease|ARM.Build.0 = Release|Any CPU
		{72DE702F-CC98-4A96-B158-D6C718C4853F}.TestingRelease|ARM64.ActiveCfg = Release|Any CPU
		{72DE702F-CC98-4A96-B158-D6C718C4853F}.TestingRelease|ARM64.Build.0 = Release|Any CPU
		{72DE702F-CC98-4A96-B158-D6C718C4853F}.TestingRelease|x64.ActiveCfg = Release|x64
		{72DE702F-CC98-4A96-B158-D6C718C4853F}.TestingRelease|x64.Build.0 = Release|x64
		{72DE702F-CC98-4A96-B158-D6C718C4853F}.TestingRelease|x86.ActiveCfg = Release|Any CPU
		{72DE702F-CC98-4A96-B158-D6C718C4853F}.TestingRelease|x86.Build.0 = Release|Any CPU
		{72DE702F-CC98-4A96-B158-D6C718C4853F}.TestingWithReleaseBinaries|Any CPU.ActiveCfg = TestingWithReleaseBinaries|Any CPU
		{72DE702F-CC98-4A96-B158-D6C718C4853F}.TestingWithReleaseBinaries|Any CPU.Build.0 = TestingWithReleaseBinaries|Any CPU
		{72DE702F-CC98-4A96-B158-D6C718C4853F}.TestingWithReleaseBinaries|ARM.ActiveCfg = TestingWithReleaseBinaries|Any CPU
		{72DE702F-CC98-4A96-B158-D6C718C4853F}.TestingWithReleaseBinaries|ARM.Build.0 = TestingWithReleaseBinaries|Any CPU
		{72DE702F-CC98-4A96-B158-D6C718C4853F}.TestingWithReleaseBinaries|ARM64.ActiveCfg = TestingWithReleaseBinaries|Any CPU
		{72DE702F-CC98-4A96-B158-D6C718C4853F}.TestingWithReleaseBinaries|ARM64.Build.0 = TestingWithReleaseBinaries|Any CPU
		{72DE702F-CC98-4A96-B158-D6C718C4853F}.TestingWithReleaseBinaries|x64.ActiveCfg = Release|x64
		{72DE702F-CC98-4A96-B158-D6C718C4853F}.TestingWithReleaseBinaries|x64.Build.0 = Release|x64
		{72DE702F-CC98-4A96-B158-D6C718C4853F}.TestingWithReleaseBinaries|x86.ActiveCfg = TestingWithReleaseBinaries|Any CPU
		{72DE702F-CC98-4A96-B158-D6C718C4853F}.TestingWithReleaseBinaries|x86.Build.0 = TestingWithReleaseBinaries|Any CPU
		{05050918-71E9-AF87-0B3C-6F34D471A55A}.Debug|Any CPU.ActiveCfg = Debug|Win32
		{05050918-71E9-AF87-0B3C-6F34D471A55A}.Debug|ARM.ActiveCfg = Debug|Win32
		{05050918-71E9-AF87-0B3C-6F34D471A55A}.Debug|ARM64.ActiveCfg = Debug|Win32
		{05050918-71E9-AF87-0B3C-6F34D471A55A}.Debug|x64.ActiveCfg = Debug|x64
		{05050918-71E9-AF87-0B3C-6F34D471A55A}.Debug|x64.Build.0 = Debug|x64
		{05050918-71E9-AF87-0B3C-6F34D471A55A}.Debug|x86.ActiveCfg = Debug|Win32
		{05050918-71E9-AF87-0B3C-6F34D471A55A}.Debug|x86.Build.0 = Debug|Win32
		{05050918-71E9-AF87-0B3C-6F34D471A55A}.DevProduction|Any CPU.ActiveCfg = Release|x64
		{05050918-71E9-AF87-0B3C-6F34D471A55A}.DevProduction|Any CPU.Build.0 = Release|x64
		{05050918-71E9-AF87-0B3C-6F34D471A55A}.DevProduction|ARM.ActiveCfg = Release|x64
		{05050918-71E9-AF87-0B3C-6F34D471A55A}.DevProduction|ARM.Build.0 = Release|x64
		{05050918-71E9-AF87-0B3C-6F34D471A55A}.DevProduction|ARM64.ActiveCfg = DevProduction|Win32
		{05050918-71E9-AF87-0B3C-6F34D471A55A}.DevProduction|x64.ActiveCfg = DevProduction|x64
		{05050918-71E9-AF87-0B3C-6F34D471A55A}.DevProduction|x64.Build.0 = DevProduction|x64
		{05050918-71E9-AF87-0B3C-6F34D471A55A}.DevProduction|x86.ActiveCfg = Debug|Win32
		{05050918-71E9-AF87-0B3C-6F34D471A55A}.DevProduction|x86.Build.0 = Debug|Win32
		{05050918-71E9-AF87-0B3C-6F34D471A55A}.Production|Any CPU.ActiveCfg = Release|x64
		{05050918-71E9-AF87-0B3C-6F34D471A55A}.Production|Any CPU.Build.0 = Release|x64
		{05050918-71E9-AF87-0B3C-6F34D471A55A}.Production|ARM.ActiveCfg = Release|x64
		{05050918-71E9-AF87-0B3C-6F34D471A55A}.Production|ARM.Build.0 = Release|x64
		{05050918-71E9-AF87-0B3C-6F34D471A55A}.Production|ARM64.ActiveCfg = Production|Win32
		{05050918-71E9-AF87-0B3C-6F34D471A55A}.Production|x64.ActiveCfg = Production|x64
		{05050918-71E9-AF87-0B3C-6F34D471A55A}.Production|x64.Build.0 = Production|x64
		{05050918-71E9-AF87-0B3C-6F34D471A55A}.Production|x86.ActiveCfg = Release|Win32
		{05050918-71E9-AF87-0B3C-6F34D471A55A}.Production|x86.Build.0 = Release|Win32
		{05050918-71E9-AF87-0B3C-6F34D471A55A}.Release|Any CPU.ActiveCfg = Release|Win32
		{05050918-71E9-AF87-0B3C-6F34D471A55A}.Release|ARM.ActiveCfg = Release|Win32
		{05050918-71E9-AF87-0B3C-6F34D471A55A}.Release|ARM64.ActiveCfg = Release|Win32
		{05050918-71E9-AF87-0B3C-6F34D471A55A}.Release|x64.ActiveCfg = Release|x64
		{05050918-71E9-AF87-0B3C-6F34D471A55A}.Release|x64.Build.0 = Release|x64
		{05050918-71E9-AF87-0B3C-6F34D471A55A}.Release|x86.ActiveCfg = Release|Win32
		{05050918-71E9-AF87-0B3C-6F34D471A55A}.Release|x86.Build.0 = Release|Win32
		{05050918-71E9-AF87-0B3C-6F34D471A55A}.Testing|Any CPU.ActiveCfg = Release|x64
		{05050918-71E9-AF87-0B3C-6F34D471A55A}.Testing|Any CPU.Build.0 = Release|x64
		{05050918-71E9-AF87-0B3C-6F34D471A55A}.Testing|ARM.ActiveCfg = Release|x64
		{05050918-71E9-AF87-0B3C-6F34D471A55A}.Testing|ARM.Build.0 = Release|x64
		{05050918-71E9-AF87-0B3C-6F34D471A55A}.Testing|ARM64.ActiveCfg = Testing|Win32
		{05050918-71E9-AF87-0B3C-6F34D471A55A}.Testing|x64.ActiveCfg = Testing|x64
		{05050918-71E9-AF87-0B3C-6F34D471A55A}.Testing|x64.Build.0 = Testing|x64
		{05050918-71E9-AF87-0B3C-6F34D471A55A}.Testing|x86.ActiveCfg = Release|Win32
		{05050918-71E9-AF87-0B3C-6F34D471A55A}.Testing|x86.Build.0 = Release|Win32
		{05050918-71E9-AF87-0B3C-6F34D471A55A}.TestingRelease|Any CPU.ActiveCfg = Release|x64
		{05050918-71E9-AF87-0B3C-6F34D471A55A}.TestingRelease|Any CPU.Build.0 = Release|x64
		{05050918-71E9-AF87-0B3C-6F34D471A55A}.TestingRelease|ARM.ActiveCfg = Release|x64
		{05050918-71E9-AF87-0B3C-6F34D471A55A}.TestingRelease|ARM.Build.0 = Release|x64
		{05050918-71E9-AF87-0B3C-6F34D471A55A}.TestingRelease|ARM64.ActiveCfg = TestingRelease|Win32
		{05050918-71E9-AF87-0B3C-6F34D471A55A}.TestingRelease|x64.ActiveCfg = TestingRelease|x64
		{05050918-71E9-AF87-0B3C-6F34D471A55A}.TestingRelease|x64.Build.0 = TestingRelease|x64
		{05050918-71E9-AF87-0B3C-6F34D471A55A}.TestingRelease|x86.ActiveCfg = Release|Win32
		{05050918-71E9-AF87-0B3C-6F34D471A55A}.TestingRelease|x86.Build.0 = Release|Win32
		{05050918-71E9-AF87-0B3C-6F34D471A55A}.TestingWithReleaseBinaries|Any CPU.ActiveCfg = TestingWithReleaseBinaries|Win32
		{05050918-71E9-AF87-0B3C-6F34D471A55A}.TestingWithReleaseBinaries|ARM.ActiveCfg = TestingWithReleaseBinaries|Win32
		{05050918-71E9-AF87-0B3C-6F34D471A55A}.TestingWithReleaseBinaries|ARM64.ActiveCfg = TestingWithReleaseBinaries|Win32
		{05050918-71E9-AF87-0B3C-6F34D471A55A}.TestingWithReleaseBinaries|x64.ActiveCfg = Release|x64
		{05050918-71E9-AF87-0B3C-6F34D471A55A}.TestingWithReleaseBinaries|x64.Build.0 = Release|x64
		{05050918-71E9-AF87-0B3C-6F34D471A55A}.TestingWithReleaseBinaries|x86.ActiveCfg = TestingWithReleaseBinaries|Win32
		{05050918-71E9-AF87-0B3C-6F34D471A55A}.TestingWithReleaseBinaries|x86.Build.0 = TestingWithReleaseBinaries|Win32
		{8DBC8FAA-116E-45A1-AB2C-3785CB553FC1}.Debug|Any CPU.ActiveCfg = Testing|Win32
		{8DBC8FAA-116E-45A1-AB2C-3785CB553FC1}.Debug|Any CPU.Build.0 = Testing|Win32
		{8DBC8FAA-116E-45A1-AB2C-3785CB553FC1}.Debug|ARM.ActiveCfg = Testing|Win32
		{8DBC8FAA-116E-45A1-AB2C-3785CB553FC1}.Debug|ARM.Build.0 = Testing|Win32
		{8DBC8FAA-116E-45A1-AB2C-3785CB553FC1}.Debug|ARM64.ActiveCfg = Testing|Win32
		{8DBC8FAA-116E-45A1-AB2C-3785CB553FC1}.Debug|ARM64.Build.0 = Testing|Win32
		{8DBC8FAA-116E-45A1-AB2C-3785CB553FC1}.Debug|x64.ActiveCfg = TestingRelease|x64
		{8DBC8FAA-116E-45A1-AB2C-3785CB553FC1}.Debug|x86.ActiveCfg = Testing|Win32
		{8DBC8FAA-116E-45A1-AB2C-3785CB553FC1}.Debug|x86.Build.0 = Testing|Win32
		{8DBC8FAA-116E-45A1-AB2C-3785CB553FC1}.DevProduction|Any CPU.ActiveCfg = Testing|Win32
		{8DBC8FAA-116E-45A1-AB2C-3785CB553FC1}.DevProduction|Any CPU.Build.0 = Testing|Win32
		{8DBC8FAA-116E-45A1-AB2C-3785CB553FC1}.DevProduction|ARM.ActiveCfg = Testing|Win32
		{8DBC8FAA-116E-45A1-AB2C-3785CB553FC1}.DevProduction|ARM.Build.0 = Testing|Win32
		{8DBC8FAA-116E-45A1-AB2C-3785CB553FC1}.DevProduction|ARM64.ActiveCfg = Testing|Win32
		{8DBC8FAA-116E-45A1-AB2C-3785CB553FC1}.DevProduction|ARM64.Build.0 = Testing|Win32
		{8DBC8FAA-116E-45A1-AB2C-3785CB553FC1}.DevProduction|x64.ActiveCfg = TestingRelease|x64
		{8DBC8FAA-116E-45A1-AB2C-3785CB553FC1}.DevProduction|x86.ActiveCfg = Testing|Win32
		{8DBC8FAA-116E-45A1-AB2C-3785CB553FC1}.DevProduction|x86.Build.0 = Testing|Win32
		{8DBC8FAA-116E-45A1-AB2C-3785CB553FC1}.Production|Any CPU.ActiveCfg = Testing|Win32
		{8DBC8FAA-116E-45A1-AB2C-3785CB553FC1}.Production|Any CPU.Build.0 = Testing|Win32
		{8DBC8FAA-116E-45A1-AB2C-3785CB553FC1}.Production|ARM.ActiveCfg = Testing|Win32
		{8DBC8FAA-116E-45A1-AB2C-3785CB553FC1}.Production|ARM.Build.0 = Testing|Win32
		{8DBC8FAA-116E-45A1-AB2C-3785CB553FC1}.Production|ARM64.ActiveCfg = Testing|Win32
		{8DBC8FAA-116E-45A1-AB2C-3785CB553FC1}.Production|ARM64.Build.0 = Testing|Win32
		{8DBC8FAA-116E-45A1-AB2C-3785CB553FC1}.Production|x64.ActiveCfg = TestingRelease|x64
		{8DBC8FAA-116E-45A1-AB2C-3785CB553FC1}.Production|x86.ActiveCfg = Testing|Win32
		{8DBC8FAA-116E-45A1-AB2C-3785CB553FC1}.Production|x86.Build.0 = Testing|Win32
		{8DBC8FAA-116E-45A1-AB2C-3785CB553FC1}.Release|Any CPU.ActiveCfg = Testing|Win32
		{8DBC8FAA-116E-45A1-AB2C-3785CB553FC1}.Release|Any CPU.Build.0 = Testing|Win32
		{8DBC8FAA-116E-45A1-AB2C-3785CB553FC1}.Release|ARM.ActiveCfg = Testing|Win32
		{8DBC8FAA-116E-45A1-AB2C-3785CB553FC1}.Release|ARM.Build.0 = Testing|Win32
		{8DBC8FAA-116E-45A1-AB2C-3785CB553FC1}.Release|ARM64.ActiveCfg = Testing|Win32
		{8DBC8FAA-116E-45A1-AB2C-3785CB553FC1}.Release|ARM64.Build.0 = Testing|Win32
		{8DBC8FAA-116E-45A1-AB2C-3785CB553FC1}.Release|x64.ActiveCfg = TestingRelease|x64
		{8DBC8FAA-116E-45A1-AB2C-3785CB553FC1}.Release|x86.ActiveCfg = TestingRelease|Win32
		{8DBC8FAA-116E-45A1-AB2C-3785CB553FC1}.Release|x86.Build.0 = TestingRelease|Win32
		{8DBC8FAA-116E-45A1-AB2C-3785CB553FC1}.Testing|Any CPU.ActiveCfg = Testing|Win32
		{8DBC8FAA-116E-45A1-AB2C-3785CB553FC1}.Testing|ARM.ActiveCfg = Testing|Win32
		{8DBC8FAA-116E-45A1-AB2C-3785CB553FC1}.Testing|ARM64.ActiveCfg = Testing|Win32
		{8DBC8FAA-116E-45A1-AB2C-3785CB553FC1}.Testing|x64.ActiveCfg = Testing|x64
		{8DBC8FAA-116E-45A1-AB2C-3785CB553FC1}.Testing|x64.Build.0 = Testing|x64
		{8DBC8FAA-116E-45A1-AB2C-3785CB553FC1}.Testing|x86.ActiveCfg = Testing|Win32
		{8DBC8FAA-116E-45A1-AB2C-3785CB553FC1}.Testing|x86.Build.0 = Testing|Win32
		{8DBC8FAA-116E-45A1-AB2C-3785CB553FC1}.TestingRelease|Any CPU.ActiveCfg = TestingRelease|Win32
		{8DBC8FAA-116E-45A1-AB2C-3785CB553FC1}.TestingRelease|ARM.ActiveCfg = TestingRelease|Win32
		{8DBC8FAA-116E-45A1-AB2C-3785CB553FC1}.TestingRelease|ARM64.ActiveCfg = TestingRelease|Win32
		{8DBC8FAA-116E-45A1-AB2C-3785CB553FC1}.TestingRelease|x64.ActiveCfg = TestingRelease|x64
		{8DBC8FAA-116E-45A1-AB2C-3785CB553FC1}.TestingRelease|x64.Build.0 = TestingRelease|x64
		{8DBC8FAA-116E-45A1-AB2C-3785CB553FC1}.TestingRelease|x86.ActiveCfg = TestingRelease|Win32
		{8DBC8FAA-116E-45A1-AB2C-3785CB553FC1}.TestingRelease|x86.Build.0 = TestingRelease|Win32
		{8DBC8FAA-116E-45A1-AB2C-3785CB553FC1}.TestingWithReleaseBinaries|Any CPU.ActiveCfg = TestingWithReleaseBinaries|Win32
		{8DBC8FAA-116E-45A1-AB2C-3785CB553FC1}.TestingWithReleaseBinaries|ARM.ActiveCfg = TestingWithReleaseBinaries|Win32
		{8DBC8FAA-116E-45A1-AB2C-3785CB553FC1}.TestingWithReleaseBinaries|ARM64.ActiveCfg = TestingWithReleaseBinaries|Win32
		{8DBC8FAA-116E-45A1-AB2C-3785CB553FC1}.TestingWithReleaseBinaries|x64.ActiveCfg = TestingWithReleaseBinaries|x64
		{8DBC8FAA-116E-45A1-AB2C-3785CB553FC1}.TestingWithReleaseBinaries|x64.Build.0 = TestingWithReleaseBinaries|x64
		{8DBC8FAA-116E-45A1-AB2C-3785CB553FC1}.TestingWithReleaseBinaries|x86.ActiveCfg = TestingWithReleaseBinaries|Win32
		{8DBC8FAA-116E-45A1-AB2C-3785CB553FC1}.TestingWithReleaseBinaries|x86.Build.0 = TestingWithReleaseBinaries|Win32
		{D535A994-198C-4D89-99C9-704DA30FC0AD}.Debug|Any CPU.ActiveCfg = Debug|Win32
		{D535A994-198C-4D89-99C9-704DA30FC0AD}.Debug|ARM.ActiveCfg = Debug|Win32
		{D535A994-198C-4D89-99C9-704DA30FC0AD}.Debug|ARM64.ActiveCfg = Debug|Win32
		{D535A994-198C-4D89-99C9-704DA30FC0AD}.Debug|x64.ActiveCfg = Debug|x64
		{D535A994-198C-4D89-99C9-704DA30FC0AD}.Debug|x64.Build.0 = Debug|x64
		{D535A994-198C-4D89-99C9-704DA30FC0AD}.Debug|x86.ActiveCfg = Debug|Win32
		{D535A994-198C-4D89-99C9-704DA30FC0AD}.Debug|x86.Build.0 = Debug|Win32
		{D535A994-198C-4D89-99C9-704DA30FC0AD}.DevProduction|Any CPU.ActiveCfg = Release|x64
		{D535A994-198C-4D89-99C9-704DA30FC0AD}.DevProduction|Any CPU.Build.0 = Release|x64
		{D535A994-198C-4D89-99C9-704DA30FC0AD}.DevProduction|ARM.ActiveCfg = Release|x64
		{D535A994-198C-4D89-99C9-704DA30FC0AD}.DevProduction|ARM.Build.0 = Release|x64
		{D535A994-198C-4D89-99C9-704DA30FC0AD}.DevProduction|ARM64.ActiveCfg = Release|x64
		{D535A994-198C-4D89-99C9-704DA30FC0AD}.DevProduction|ARM64.Build.0 = Release|x64
		{D535A994-198C-4D89-99C9-704DA30FC0AD}.DevProduction|x64.ActiveCfg = DevProduction|x64
		{D535A994-198C-4D89-99C9-704DA30FC0AD}.DevProduction|x64.Build.0 = DevProduction|x64
		{D535A994-198C-4D89-99C9-704DA30FC0AD}.DevProduction|x86.ActiveCfg = Debug|Win32
		{D535A994-198C-4D89-99C9-704DA30FC0AD}.DevProduction|x86.Build.0 = Debug|Win32
		{D535A994-198C-4D89-99C9-704DA30FC0AD}.Production|Any CPU.ActiveCfg = Release|x64
		{D535A994-198C-4D89-99C9-704DA30FC0AD}.Production|Any CPU.Build.0 = Release|x64
		{D535A994-198C-4D89-99C9-704DA30FC0AD}.Production|ARM.ActiveCfg = Release|x64
		{D535A994-198C-4D89-99C9-704DA30FC0AD}.Production|ARM.Build.0 = Release|x64
		{D535A994-198C-4D89-99C9-704DA30FC0AD}.Production|ARM64.ActiveCfg = Release|x64
		{D535A994-198C-4D89-99C9-704DA30FC0AD}.Production|ARM64.Build.0 = Release|x64
		{D535A994-198C-4D89-99C9-704DA30FC0AD}.Production|x64.ActiveCfg = Production|x64
		{D535A994-198C-4D89-99C9-704DA30FC0AD}.Production|x64.Build.0 = Production|x64
		{D535A994-198C-4D89-99C9-704DA30FC0AD}.Production|x86.ActiveCfg = Release|Win32
		{D535A994-198C-4D89-99C9-704DA30FC0AD}.Production|x86.Build.0 = Release|Win32
		{D535A994-198C-4D89-99C9-704DA30FC0AD}.Release|Any CPU.ActiveCfg = Release|Win32
		{D535A994-198C-4D89-99C9-704DA30FC0AD}.Release|ARM.ActiveCfg = Release|Win32
		{D535A994-198C-4D89-99C9-704DA30FC0AD}.Release|ARM64.ActiveCfg = Release|Win32
		{D535A994-198C-4D89-99C9-704DA30FC0AD}.Release|x64.ActiveCfg = Release|x64
		{D535A994-198C-4D89-99C9-704DA30FC0AD}.Release|x64.Build.0 = Release|x64
		{D535A994-198C-4D89-99C9-704DA30FC0AD}.Release|x86.ActiveCfg = Release|Win32
		{D535A994-198C-4D89-99C9-704DA30FC0AD}.Release|x86.Build.0 = Release|Win32
		{D535A994-198C-4D89-99C9-704DA30FC0AD}.Testing|Any CPU.ActiveCfg = Release|x64
		{D535A994-198C-4D89-99C9-704DA30FC0AD}.Testing|Any CPU.Build.0 = Release|x64
		{D535A994-198C-4D89-99C9-704DA30FC0AD}.Testing|ARM.ActiveCfg = Release|x64
		{D535A994-198C-4D89-99C9-704DA30FC0AD}.Testing|ARM.Build.0 = Release|x64
		{D535A994-198C-4D89-99C9-704DA30FC0AD}.Testing|ARM64.ActiveCfg = Release|x64
		{D535A994-198C-4D89-99C9-704DA30FC0AD}.Testing|ARM64.Build.0 = Release|x64
		{D535A994-198C-4D89-99C9-704DA30FC0AD}.Testing|x64.ActiveCfg = Testing|x64
		{D535A994-198C-4D89-99C9-704DA30FC0AD}.Testing|x64.Build.0 = Testing|x64
		{D535A994-198C-4D89-99C9-704DA30FC0AD}.Testing|x86.ActiveCfg = Release|Win32
		{D535A994-198C-4D89-99C9-704DA30FC0AD}.Testing|x86.Build.0 = Release|Win32
		{D535A994-198C-4D89-99C9-704DA30FC0AD}.TestingRelease|Any CPU.ActiveCfg = Release|x64
		{D535A994-198C-4D89-99C9-704DA30FC0AD}.TestingRelease|Any CPU.Build.0 = Release|x64
		{D535A994-198C-4D89-99C9-704DA30FC0AD}.TestingRelease|ARM.ActiveCfg = Release|x64
		{D535A994-198C-4D89-99C9-704DA30FC0AD}.TestingRelease|ARM.Build.0 = Release|x64
		{D535A994-198C-4D89-99C9-704DA30FC0AD}.TestingRelease|ARM64.ActiveCfg = Release|x64
		{D535A994-198C-4D89-99C9-704DA30FC0AD}.TestingRelease|ARM64.Build.0 = Release|x64
		{D535A994-198C-4D89-99C9-704DA30FC0AD}.TestingRelease|x64.ActiveCfg = TestingRelease|x64
		{D535A994-198C-4D89-99C9-704DA30FC0AD}.TestingRelease|x64.Build.0 = TestingRelease|x64
		{D535A994-198C-4D89-99C9-704DA30FC0AD}.TestingRelease|x86.ActiveCfg = Release|Win32
		{D535A994-198C-4D89-99C9-704DA30FC0AD}.TestingRelease|x86.Build.0 = Release|Win32
		{D535A994-198C-4D89-99C9-704DA30FC0AD}.TestingWithReleaseBinaries|Any CPU.ActiveCfg = TestingWithReleaseBinaries|Win32
		{D535A994-198C-4D89-99C9-704DA30FC0AD}.TestingWithReleaseBinaries|ARM.ActiveCfg = TestingWithReleaseBinaries|Win32
		{D535A994-198C-4D89-99C9-704DA30FC0AD}.TestingWithReleaseBinaries|ARM64.ActiveCfg = TestingWithReleaseBinaries|Win32
		{D535A994-198C-4D89-99C9-704DA30FC0AD}.TestingWithReleaseBinaries|x64.ActiveCfg = Release|x64
		{D535A994-198C-4D89-99C9-704DA30FC0AD}.TestingWithReleaseBinaries|x64.Build.0 = Release|x64
		{D535A994-198C-4D89-99C9-704DA30FC0AD}.TestingWithReleaseBinaries|x86.ActiveCfg = TestingWithReleaseBinaries|Win32
		{D535A994-198C-4D89-99C9-704DA30FC0AD}.TestingWithReleaseBinaries|x86.Build.0 = TestingWithReleaseBinaries|Win32
	EndGlobalSection
	GlobalSection(SolutionProperties) = preSolution
		HideSolutionNode = FALSE
	EndGlobalSection
	GlobalSection(ExtensibilityGlobals) = postSolution
		SolutionGuid = {77C11F67-4B42-4AF5-961D-BAE49242CFDB}
	EndGlobalSection
	GlobalSection(Performance) = preSolution
		HasPerformanceSessions = true
	EndGlobalSection
	GlobalSection(CodealikeProperties) = postSolution
		SolutionGuid = f168b851-1858-4a59-9cc5-1a383d85e5dd
	EndGlobalSection
EndGlobal
