<?xml version="1.0" encoding="utf-8"?>
<Project ToolsVersion="4.0" xmlns="http://schemas.microsoft.com/developer/msbuild/2003">
  <ItemGroup>
    <Filter Include="Resource Files">
      <UniqueIdentifier>{67DA6AB6-F800-4c08-8B7A-83BB121AAD01}</UniqueIdentifier>
      <Extensions>rc;ico;cur;bmp;dlg;rc2;rct;bin;rgs;gif;jpg;jpeg;jpe;resx;tiff;tif;png;wav;mfcribbon-ms</Extensions>
    </Filter>
    <Filter Include="RESULT">
      <UniqueIdentifier>{c5818450-ccaf-494f-a6a3-1829971017c9}</UniqueIdentifier>
    </Filter>
    <Filter Include="Test">
      <UniqueIdentifier>{4bbf355f-4691-48f4-8232-b4800b606d5f}</UniqueIdentifier>
    </Filter>
    <Filter Include="Main">
      <UniqueIdentifier>{4FC737F1-C7A5-4376-A066-2A32D752A2FF}</UniqueIdentifier>
      <Extensions>cpp;c;cc;cxx;def;odl;idl;hpj;bat;asm;asmx</Extensions>
    </Filter>
    <Filter Include="Sandbox">
      <UniqueIdentifier>{394d99b2-78d3-4670-aa3f-893289f45340}</UniqueIdentifier>
    </Filter>
    <Filter Include="Sandbox\Windows">
      <UniqueIdentifier>{33b730f8-e45f-44ce-922e-c03c1304b623}</UniqueIdentifier>
    </Filter>
    <Filter Include="Sandbox\OSX">
      <UniqueIdentifier>{fc7ccd20-271e-4faa-962a-45b33f699455}</UniqueIdentifier>
    </Filter>
    <Filter Include="Primitives">
      <UniqueIdentifier>{435f4a0d-a8be-4385-a06d-5bfeff5971d8}</UniqueIdentifier>
    </Filter>
    <Filter Include="Primitives\Types">
      <UniqueIdentifier>{e2f83a20-955b-4bc8-80a3-96529c103e31}</UniqueIdentifier>
    </Filter>
    <Filter Include="HAL">
      <UniqueIdentifier>{82b61aa2-ea9e-4a23-8597-487ea3b7a4e7}</UniqueIdentifier>
    </Filter>
    <Filter Include="HAL\opengl">
      <UniqueIdentifier>{250a02de-03cb-461d-9d83-ff8a1ff56fc6}</UniqueIdentifier>
    </Filter>
    <Filter Include="Core">
      <UniqueIdentifier>{4f039fdc-08f8-43f4-88a5-313b7ed34769}</UniqueIdentifier>
    </Filter>
    <Filter Include="Core\Types">
      <UniqueIdentifier>{44fa16e8-b322-4aa9-bf57-b79b92f4c3b3}</UniqueIdentifier>
    </Filter>
    <Filter Include="Sense">
      <UniqueIdentifier>{d6f300ee-6f18-483b-9818-d0018fb18693}</UniqueIdentifier>
    </Filter>
    <Filter Include="Scene">
      <UniqueIdentifier>{2be3e3ef-4d89-4383-b2de-5d5a55e6a51b}</UniqueIdentifier>
    </Filter>
    <Filter Include="HAL\opengl\GL">
      <UniqueIdentifier>{d90f805b-bf9a-4f40-9742-e7bb02818c72}</UniqueIdentifier>
    </Filter>
    <Filter Include="External">
      <UniqueIdentifier>{82d7a177-6e17-489e-8f48-0f30a427b8fd}</UniqueIdentifier>
    </Filter>
    <Filter Include="External\SOIL">
      <UniqueIdentifier>{959b6fa9-ce2d-43ef-b7b5-652c05626a9d}</UniqueIdentifier>
    </Filter>
    <Filter Include="TimeManager">
      <UniqueIdentifier>{8b96d977-b3e9-4a11-a23d-f434f6d4d4ec}</UniqueIdentifier>
    </Filter>
    <Filter Include="External\OCULUS">
      <UniqueIdentifier>{3686233d-96d6-4810-ab2d-ff06312c2946}</UniqueIdentifier>
    </Filter>
    <Filter Include="External\OCULUS\v132">
      <UniqueIdentifier>{9fb38d30-c91d-44ad-b826-0bc9b067ae01}</UniqueIdentifier>
    </Filter>
    <Filter Include="External\OCULUS\v132\LibOVR">
      <UniqueIdentifier>{352f8ae7-d31f-45c0-afc6-c334b01431cf}</UniqueIdentifier>
    </Filter>
    <Filter Include="External\OCULUS\v132\LibOVRKernel">
      <UniqueIdentifier>{9b76fa23-0019-42ac-9157-f11820e16332}</UniqueIdentifier>
    </Filter>
    <Filter Include="External\OCULUS\v132\Logging">
      <UniqueIdentifier>{d1975c76-4672-49c3-8861-0d8d96fd0d8e}</UniqueIdentifier>
    </Filter>
    <Filter Include="External\OCULUS\v132\Logging\include">
      <UniqueIdentifier>{f9f3a04d-e419-41ac-988e-59bb38aba634}</UniqueIdentifier>
    </Filter>
    <Filter Include="External\OCULUS\v132\Logging\src">
      <UniqueIdentifier>{46b485da-652c-4ed2-a379-ddf8a19f9d3c}</UniqueIdentifier>
    </Filter>
    <Filter Include="External\OCULUS\v132\Logging\src\internal">
      <UniqueIdentifier>{cf6c4deb-a89a-47e2-aa2d-10b4412d9151}</UniqueIdentifier>
    </Filter>
    <Filter Include="HMD">
      <UniqueIdentifier>{e122ce99-434d-454c-a1b9-c035729da930}</UniqueIdentifier>
    </Filter>
    <Filter Include="HMD\Oculus">
      <UniqueIdentifier>{a53afd0a-b5a4-4b9b-80ab-050429f6f805}</UniqueIdentifier>
    </Filter>
    <Filter Include="HAL\opengl\shaders">
      <UniqueIdentifier>{e0da08a9-31cd-4af0-98a1-edfdec0ab066}</UniqueIdentifier>
    </Filter>
    <Filter Include="HAL\opengl\shaders\GLSL">
      <UniqueIdentifier>{3bf90752-857f-43d2-a095-f33ca2e68b6e}</UniqueIdentifier>
    </Filter>
    <Filter Include="HAL\opengl\shaders\GLSL\v400">
      <UniqueIdentifier>{4122d50c-6ec2-4425-aca8-8175db942fc1}</UniqueIdentifier>
    </Filter>
    <Filter Include="HAL\opengl\shaders\GLSL\v440">
      <UniqueIdentifier>{0405a75c-6f11-4a68-b9ec-d514c26e465c}</UniqueIdentifier>
    </Filter>
    <Filter Include="External\CEF">
      <UniqueIdentifier>{c033e102-b336-4bdc-990e-f62e5cb34781}</UniqueIdentifier>
    </Filter>
    <Filter Include="External\CEF\v3.2556">
      <UniqueIdentifier>{c98ee759-94af-4b05-9cd5-74ae52618551}</UniqueIdentifier>
    </Filter>
    <Filter Include="Cloud">
      <UniqueIdentifier>{8b54f727-8eee-4dc1-83bb-7c8112d843e1}</UniqueIdentifier>
    </Filter>
    <Filter Include="External\CEF\v3.2556\include">
      <UniqueIdentifier>{cc8a22c9-5fba-4549-a653-5ecbf0e29190}</UniqueIdentifier>
    </Filter>
    <Filter Include="External\CEF\v3.2556\include\base">
      <UniqueIdentifier>{ab6948a2-5c99-41a6-a5ca-0de8bfeee2fe}</UniqueIdentifier>
    </Filter>
    <Filter Include="External\CEF\v3.2556\include\capi">
      <UniqueIdentifier>{da0a8e0c-cde6-4a6d-8913-12fc963273d9}</UniqueIdentifier>
    </Filter>
    <Filter Include="External\CEF\v3.2556\include\internal">
      <UniqueIdentifier>{7acd7a4f-1e56-4ad5-b315-da4dba091179}</UniqueIdentifier>
    </Filter>
    <Filter Include="External\CEF\v3.2556\include\wrapper">
      <UniqueIdentifier>{a00bacef-de45-4c28-a2a9-4a1f03ee7b07}</UniqueIdentifier>
    </Filter>
  </ItemGroup>
  <ItemGroup>
    <ClCompile Include="..\..\..\DreamOSMain.cpp">
      <Filter>Main</Filter>
    </ClCompile>
    <ClCompile Include="..\..\..\Primitives\Types\TypesTests.cpp">
      <Filter>Primitives\Types</Filter>
    </ClCompile>
    <ClCompile Include="..\..\..\Sandbox\Windows\Windows64App.cpp">
      <Filter>Sandbox\Windows</Filter>
    </ClCompile>
    <ClCompile Include="..\..\..\Primitives\Types\UID.cpp">
      <Filter>Primitives</Filter>
    </ClCompile>
    <ClCompile Include="..\..\..\HAL\opengl\OpenGLImp.cpp">
      <Filter>HAL\opengl</Filter>
    </ClCompile>
    <ClCompile Include="..\..\..\Sandbox\Windows\Win64PathManager.cpp">
      <Filter>Sandbox\Windows</Filter>
    </ClCompile>
    <ClCompile Include="..\..\..\Sandbox\PathManagerFactory.cpp">
      <Filter>Sandbox</Filter>
    </ClCompile>
    <ClCompile Include="..\..\..\Sandbox\PathManager.cpp">
      <Filter>Sandbox</Filter>
    </ClCompile>
    <ClCompile Include="..\..\..\Primitives\ProjectionMatrix.cpp">
      <Filter>Primitives</Filter>
    </ClCompile>
    <ClCompile Include="..\..\..\Primitives\point.cpp">
      <Filter>Primitives</Filter>
    </ClCompile>
    <ClCompile Include="..\..\..\Sandbox\Windows\Win64Mouse.cpp">
      <Filter>Sandbox\Windows</Filter>
    </ClCompile>
    <ClCompile Include="..\..\..\Sandbox\Windows\Win64Keyboard.cpp">
      <Filter>Sandbox\Windows</Filter>
    </ClCompile>
    <ClCompile Include="..\..\..\Sandbox\Windows\Win64OpenGLRenderingContext.cpp">
      <Filter>Sandbox\Windows</Filter>
    </ClCompile>
    <ClCompile Include="..\..\..\Sandbox\SandboxFactory.cpp">
      <Filter>Sandbox</Filter>
    </ClCompile>
    <ClCompile Include="..\..\..\HAL\opengl\OpenGLRenderingContextFactory.cpp">
      <Filter>HAL\opengl</Filter>
    </ClCompile>
    <ClCompile Include="..\..\..\HAL\opengl\OpenGLExtensions.cpp">
      <Filter>HAL\opengl</Filter>
    </ClCompile>
    <ClCompile Include="..\..\..\Scene\SceneGraph.cpp">
      <Filter>Scene</Filter>
    </ClCompile>
    <ClCompile Include="..\..\..\Sandbox\SandboxApp.cpp">
      <Filter>Sandbox</Filter>
    </ClCompile>
    <ClCompile Include="..\..\..\Scene\SceneGraphList.cpp">
      <Filter>Scene</Filter>
    </ClCompile>
    <ClCompile Include="..\..\..\Primitives\VirtualObj.cpp">
      <Filter>Primitives</Filter>
    </ClCompile>
    <ClCompile Include="..\..\..\Sandbox\FileLoader.cpp">
      <Filter>Sandbox</Filter>
    </ClCompile>
    <ClCompile Include="..\..\..\Primitives\version.cpp">
      <Filter>Primitives</Filter>
    </ClCompile>
    <ClCompile Include="..\..\..\HAL\opengl\OGLLightsBlock.cpp">
      <Filter>HAL\opengl</Filter>
    </ClCompile>
    <ClCompile Include="..\..\..\HAL\opengl\OGLMaterialBlock.cpp">
      <Filter>HAL\opengl</Filter>
    </ClCompile>
    <ClCompile Include="..\..\..\External\SOIL\image_DXT.c">
      <Filter>External\SOIL</Filter>
    </ClCompile>
    <ClCompile Include="..\..\..\External\SOIL\image_helper.c">
      <Filter>External\SOIL</Filter>
    </ClCompile>
    <ClCompile Include="..\..\..\External\SOIL\SOIL.c">
      <Filter>External\SOIL</Filter>
    </ClCompile>
    <ClCompile Include="..\..\..\External\SOIL\stb_image_aug.c">
      <Filter>External\SOIL</Filter>
    </ClCompile>
    <ClCompile Include="..\..\..\Primitives\texture.cpp">
      <Filter>Primitives</Filter>
    </ClCompile>
    <ClCompile Include="..\..\..\TimeManager\TimeManager.cpp">
      <Filter>TimeManager</Filter>
    </ClCompile>
    <ClCompile Include="..\..\..\External\OCULUS\v132\Logging\src\Logging_Library.cpp">
      <Filter>External\OCULUS\v132\Logging\src</Filter>
    </ClCompile>
    <ClCompile Include="..\..\..\External\OCULUS\v132\Logging\src\Logging_OutputPlugins.cpp">
      <Filter>External\OCULUS\v132\Logging\src</Filter>
    </ClCompile>
    <ClCompile Include="..\..\..\External\OCULUS\v132\Logging\src\internal\Logging_Tools.cpp">
      <Filter>External\OCULUS\v132\Logging\src\internal</Filter>
    </ClCompile>
    <ClCompile Include="..\..\..\HMD\HMDFactory.cpp">
      <Filter>HMD</Filter>
    </ClCompile>
    <ClCompile Include="..\..\..\HAL\opengl\OGLFramebuffer.cpp">
      <Filter>HAL</Filter>
    </ClCompile>
    <ClCompile Include="..\..\..\HMD\Oculus\OVR.cpp">
      <Filter>HMD\Oculus</Filter>
    </ClCompile>
    <ClCompile Include="..\..\..\HAL\opengl\OGLProgram.cpp">
      <Filter>HAL\opengl</Filter>
    </ClCompile>
    <ClCompile Include="..\..\..\HAL\opengl\GLSLObject.cpp">
      <Filter>HAL\opengl</Filter>
    </ClCompile>
    <ClCompile Include="..\..\..\HAL\opengl\shaders\OGLFragmentShader.cpp">
      <Filter>HAL\opengl\shaders</Filter>
    </ClCompile>
    <ClCompile Include="..\..\..\HAL\opengl\shaders\OGLUniformBlock.cpp">
      <Filter>HAL\opengl\shaders</Filter>
    </ClCompile>
    <ClCompile Include="..\..\..\HAL\opengl\shaders\OGLVertexAttribute.cpp">
      <Filter>HAL\opengl\shaders</Filter>
    </ClCompile>
    <ClCompile Include="..\..\..\HAL\opengl\shaders\OGLVertexShader.cpp">
      <Filter>HAL\opengl\shaders</Filter>
    </ClCompile>
    <ClCompile Include="..\..\..\HAL\opengl\shaders\OpenGLShader.cpp">
      <Filter>HAL\opengl\shaders</Filter>
    </ClCompile>
    <ClCompile Include="..\..\..\HAL\opengl\OGLProgramFactory.cpp">
      <Filter>HAL\opengl</Filter>
    </ClCompile>
    <ClCompile Include="..\..\..\HAL\opengl\shaders\OGLUniform.cpp">
      <Filter>HAL\opengl\shaders</Filter>
    </ClCompile>
    <ClCompile Include="..\..\..\Primitives\font.cpp">
      <Filter>Primitives</Filter>
	</ClCompile>
    <ClCompile Include="..\..\..\Cloud\CEFHandler.cpp">
      <Filter>Cloud</Filter>
    </ClCompile>
    <ClCompile Include="..\..\..\Cloud\CloudControllerFactory.cpp">
      <Filter>Cloud</Filter>
    </ClCompile>
    <ClCompile Include="..\..\..\Cloud\CEFApp.cpp">
      <Filter>Cloud</Filter>
    </ClCompile>
  </ItemGroup>
  <ItemGroup>
    <ClInclude Include="..\..\..\DreamOSMain.h">
      <Filter>Main</Filter>
    </ClInclude>
    <ClInclude Include="..\..\..\RESULT\EHM.h">
      <Filter>RESULT</Filter>
    </ClInclude>
    <ClInclude Include="..\..\..\RESULT\RESULT.h">
      <Filter>RESULT</Filter>
    </ClInclude>
    <ClInclude Include="..\..\..\Test\TestObject.h">
      <Filter>Test</Filter>
    </ClInclude>
    <ClInclude Include="..\..\..\RESULT\STDTYPES.h">
      <Filter>RESULT</Filter>
    </ClInclude>
    <ClInclude Include="..\..\..\Primitives\AABV.h">
      <Filter>Primitives</Filter>
    </ClInclude>
    <ClInclude Include="..\..\..\Primitives\DimObj.h">
      <Filter>Primitives</Filter>
    </ClInclude>
    <ClInclude Include="..\..\..\Primitives\matrix.h">
      <Filter>Primitives</Filter>
    </ClInclude>
    <ClInclude Include="..\..\..\Primitives\point.h">
      <Filter>Primitives</Filter>
    </ClInclude>
    <ClInclude Include="..\..\..\Primitives\vector.h">
      <Filter>Primitives</Filter>
    </ClInclude>
    <ClInclude Include="..\..\..\Primitives\Types\Number.h">
      <Filter>Primitives\Types</Filter>
    </ClInclude>
    <ClInclude Include="..\..\..\Primitives\Types\TypeObj.h">
      <Filter>Primitives\Types</Filter>
    </ClInclude>
    <ClInclude Include="..\..\..\Primitives\Types\Types.h">
      <Filter>Primitives\Types</Filter>
    </ClInclude>
    <ClInclude Include="..\..\..\Primitives\Types\TypesTests.h">
      <Filter>Primitives\Types</Filter>
    </ClInclude>
    <ClInclude Include="..\..\..\Primitives\Types\UID.h">
      <Filter>Primitives\Types</Filter>
    </ClInclude>
    <ClInclude Include="..\..\..\Sandbox\Windows\Windows64App.h">
      <Filter>Sandbox\Windows</Filter>
    </ClInclude>
    <ClInclude Include="..\..\..\Sandbox\SandboxApp.h">
      <Filter>Sandbox</Filter>
    </ClInclude>
    <ClInclude Include="..\..\..\Sandbox\SandboxFactory.h">
      <Filter>Sandbox</Filter>
    </ClInclude>
    <ClInclude Include="..\..\..\HAL\HAL.h">
      <Filter>HAL</Filter>
    </ClInclude>
    <ClInclude Include="..\..\..\HAL\opengl\opengl.h">
      <Filter>HAL\opengl</Filter>
    </ClInclude>
    <ClInclude Include="..\..\..\HAL\opengl\OpenGLImp.h">
      <Filter>HAL\opengl</Filter>
    </ClInclude>
    <ClInclude Include="..\..\..\HAL\HALImp.h">
      <Filter>HAL</Filter>
    </ClInclude>
    <ClInclude Include="..\..\..\Sandbox\Windows\Win64PathManager.h">
      <Filter>Sandbox\Windows</Filter>
    </ClInclude>
    <ClInclude Include="..\..\..\Sandbox\PathManager.h">
      <Filter>Sandbox</Filter>
    </ClInclude>
    <ClInclude Include="..\..\..\Sandbox\PathManagerFactory.h">
      <Filter>Sandbox</Filter>
    </ClInclude>
    <ClInclude Include="..\..\..\Core\Types\Factory.h">
      <Filter>Core\Types</Filter>
    </ClInclude>
    <ClInclude Include="..\..\..\Core\Types\Object.h">
      <Filter>Core\Types</Filter>
    </ClInclude>
    <ClInclude Include="..\..\..\Primitives\Vertex.h">
      <Filter>Primitives</Filter>
    </ClInclude>
    <ClInclude Include="..\..\..\Primitives\ProjectionMatrix.h">
      <Filter>Primitives</Filter>
    </ClInclude>
    <ClInclude Include="..\..\..\HAL\Shader.h">
      <Filter>HAL</Filter>
    </ClInclude>
    <ClInclude Include="..\..\..\Primitives\Triangle.h">
      <Filter>Primitives</Filter>
    </ClInclude>
    <ClInclude Include="..\..\..\Primitives\color.h">
      <Filter>Primitives</Filter>
    </ClInclude>
    <ClInclude Include="..\..\..\HAL\opengl\OGLTriangle.h">
      <Filter>HAL\opengl</Filter>
    </ClInclude>
    <ClInclude Include="..\..\..\HAL\opengl\OGLObj.h">
      <Filter>HAL\opengl</Filter>
    </ClInclude>
    <ClInclude Include="..\..\..\Primitives\quad.h">
      <Filter>Primitives</Filter>
    </ClInclude>
    <ClInclude Include="..\..\..\HAL\opengl\OGLQuad.h">
      <Filter>HAL\opengl</Filter>
    </ClInclude>
    <ClInclude Include="..\..\..\Primitives\valid.h">
      <Filter>Primitives</Filter>
    </ClInclude>
    <ClInclude Include="..\..\..\Core\config.h">
      <Filter>Core</Filter>
    </ClInclude>
    <ClInclude Include="..\..\..\Primitives\TranslationMatrix.h">
      <Filter>Primitives</Filter>
    </ClInclude>
    <ClInclude Include="..\..\..\Primitives\RotationMatrix.h">
      <Filter>Primitives</Filter>
    </ClInclude>
    <ClInclude Include="..\..\..\Primitives\ScalingMatrix.h">
      <Filter>Primitives</Filter>
    </ClInclude>
    <ClInclude Include="..\..\..\Primitives\camera.h">
      <Filter>Primitives</Filter>
    </ClInclude>
    <ClInclude Include="..\..\..\Primitives\VirtualObj.h">
      <Filter>Primitives</Filter>
    </ClInclude>
    <ClInclude Include="..\..\..\Primitives\ViewMatrix.h">
      <Filter>Primitives</Filter>
    </ClInclude>
    <ClInclude Include="..\..\..\Sense\SenseDevice.h">
      <Filter>Sense</Filter>
    </ClInclude>
    <ClInclude Include="..\..\..\Sense\SenseKeyboard.h">
      <Filter>Sense</Filter>
    </ClInclude>
    <ClInclude Include="..\..\..\Primitives\Subscriber.h">
      <Filter>Primitives</Filter>
    </ClInclude>
    <ClInclude Include="..\..\..\Primitives\Publisher.h">
      <Filter>Primitives</Filter>
    </ClInclude>
    <ClInclude Include="..\..\..\Sandbox\Windows\Win64Keyboard.h">
      <Filter>Sandbox\Windows</Filter>
    </ClInclude>
    <ClInclude Include="..\..\..\Sense\SenseMouse.h">
      <Filter>Sense</Filter>
    </ClInclude>
    <ClInclude Include="..\..\..\Sandbox\Windows\Win64Mouse.h">
      <Filter>Sandbox\Windows</Filter>
    </ClInclude>
    <ClInclude Include="..\..\..\Primitives\volume.h">
      <Filter>Primitives</Filter>
    </ClInclude>
    <ClInclude Include="..\..\..\Primitives\TriangleIndexGroup.h">
      <Filter>Primitives</Filter>
    </ClInclude>
    <ClInclude Include="..\..\..\HAL\opengl\OGLVolume.h">
      <Filter>HAL\opengl</Filter>
    </ClInclude>
    <ClInclude Include="..\..\..\Primitives\texture.h">
      <Filter>Primitives</Filter>
    </ClInclude>
    <ClInclude Include="..\..\..\HAL\opengl\OpenGLRenderingContext.h">
      <Filter>HAL\opengl</Filter>
    </ClInclude>
    <ClInclude Include="..\..\..\Sandbox\Windows\Win64OpenGLRenderingContext.h">
      <Filter>Sandbox\Windows</Filter>
    </ClInclude>
    <ClInclude Include="..\..\..\HAL\opengl\OpenGLRenderingContextFactory.h">
      <Filter>HAL\opengl</Filter>
    </ClInclude>
    <ClInclude Include="..\..\..\HAL\opengl\OpenGLExtensions.h">
      <Filter>HAL\opengl</Filter>
    </ClInclude>
    <ClInclude Include="..\..\..\HAL\opengl\OpenGLCommon.h">
      <Filter>HAL\opengl</Filter>
    </ClInclude>
    <ClInclude Include="..\..\..\HAL\opengl\OpenGLUtility.h">
      <Filter>HAL\opengl</Filter>
    </ClInclude>
    <ClInclude Include="..\..\..\Scene\SceneGraph.h">
      <Filter>Scene</Filter>
    </ClInclude>
    <ClInclude Include="..\..\..\Scene\SceneGraphStore.h">
      <Filter>Scene</Filter>
    </ClInclude>
    <ClInclude Include="..\..\..\Scene\SceneGraphList.h">
      <Filter>Scene</Filter>
    </ClInclude>
    <ClInclude Include="..\..\..\Primitives\quaternion.h">
      <Filter>Primitives</Filter>
    </ClInclude>
    <ClInclude Include="..\..\..\Primitives\stereocamera.h">
      <Filter>Primitives</Filter>
    </ClInclude>
    <ClInclude Include="..\..\..\Sandbox\FileLoader.h">
      <Filter>Sandbox</Filter>
    </ClInclude>
    <ClInclude Include="..\..\..\HAL\opengl\GL\glcorearb.h">
      <Filter>HAL\opengl\GL</Filter>
    </ClInclude>
    <ClInclude Include="..\..\..\HAL\opengl\GL\glext.h">
      <Filter>HAL\opengl\GL</Filter>
    </ClInclude>
    <ClInclude Include="..\..\..\HAL\opengl\GL\glxext.h">
      <Filter>HAL\opengl\GL</Filter>
    </ClInclude>
    <ClInclude Include="..\..\..\HAL\opengl\GL\wglext.h">
      <Filter>HAL\opengl\GL</Filter>
    </ClInclude>
    <ClInclude Include="..\..\..\Primitives\version.h">
      <Filter>Primitives</Filter>
    </ClInclude>
    <ClInclude Include="..\..\..\Primitives\light.h">
      <Filter>Primitives</Filter>
    </ClInclude>
    <ClInclude Include="..\..\..\HAL\opengl\OGLLightsBlock.h">
      <Filter>HAL\opengl</Filter>
    </ClInclude>
    <ClInclude Include="..\..\..\Primitives\sphere.h">
      <Filter>Primitives</Filter>
    </ClInclude>
    <ClInclude Include="..\..\..\HAL\opengl\OGLSphere.h">
      <Filter>HAL\opengl</Filter>
    </ClInclude>
    <ClInclude Include="..\..\..\Primitives\material.h">
      <Filter>Primitives</Filter>
    </ClInclude>
    <ClInclude Include="..\..\..\HAL\opengl\OGLMaterialBlock.h">
      <Filter>HAL\opengl</Filter>
    </ClInclude>
    <ClInclude Include="..\..\..\External\SOIL\image_DXT.h">
      <Filter>External\SOIL</Filter>
    </ClInclude>
    <ClInclude Include="..\..\..\External\SOIL\image_helper.h">
      <Filter>External\SOIL</Filter>
    </ClInclude>
    <ClInclude Include="..\..\..\External\SOIL\SOIL.h">
      <Filter>External\SOIL</Filter>
    </ClInclude>
    <ClInclude Include="..\..\..\External\SOIL\stb_image_aug.h">
      <Filter>External\SOIL</Filter>
    </ClInclude>
    <ClInclude Include="..\..\..\External\SOIL\stbi_DDS_aug.h">
      <Filter>External\SOIL</Filter>
    </ClInclude>
    <ClInclude Include="..\..\..\External\SOIL\stbi_DDS_aug_c.h">
      <Filter>External\SOIL</Filter>
    </ClInclude>
    <ClInclude Include="..\..\..\HAL\opengl\OGLTexture.h">
      <Filter>HAL\opengl</Filter>
    </ClInclude>
    <ClInclude Include="..\..\..\Primitives\uvcoord.h">
      <Filter>Primitives</Filter>
    </ClInclude>
    <ClInclude Include="..\..\..\TimeManager\TimeManager.h">
      <Filter>TimeManager</Filter>
    </ClInclude>
    <ClInclude Include="..\..\..\Primitives\model.h">
      <Filter>Primitives</Filter>
    </ClInclude>
    <ClInclude Include="..\..\..\HAL\opengl\OGLModel.h">
      <Filter>HAL\opengl</Filter>
    </ClInclude>
    <ClInclude Include="..\..\..\Primitives\skybox.h">
      <Filter>Primitives</Filter>
    </ClInclude>
    <ClInclude Include="..\..\..\HAL\opengl\OGLSkybox.h">
      <Filter>HAL\opengl</Filter>
    </ClInclude>
    <ClInclude Include="..\..\..\External\OCULUS\v132\Logging\include\Logging_Library.h">
      <Filter>External\OCULUS\v132\Logging\include</Filter>
    </ClInclude>
    <ClInclude Include="..\..\..\External\OCULUS\v132\Logging\include\Logging_OutputPlugins.h">
      <Filter>External\OCULUS\v132\Logging\include</Filter>
    </ClInclude>
    <ClInclude Include="..\..\..\External\OCULUS\v132\Logging\include\Logging_Tools.h">
      <Filter>External\OCULUS\v132\Logging\include</Filter>
    </ClInclude>
    <ClInclude Include="..\..\..\HMD\HMD.h">
      <Filter>HMD</Filter>
    </ClInclude>
    <ClInclude Include="..\..\..\HMD\Oculus\OVR.h">
      <Filter>HMD\Oculus</Filter>
    </ClInclude>
    <ClInclude Include="..\..\..\HMD\HMDFactory.h">
      <Filter>HMD</Filter>
    </ClInclude>
    <ClInclude Include="..\..\..\Primitives\Framebuffer.h">
      <Filter>Primitives</Filter>
    </ClInclude>
    <ClInclude Include="..\..\..\HAL\opengl\OGLFramebuffer.h">
      <Filter>HAL\opengl</Filter>
    </ClInclude>
    <ClInclude Include="..\..\..\Primitives\rectangle.h">
      <Filter>Primitives</Filter>
    </ClInclude>
    <ClInclude Include="..\..\..\HAL\opengl\OGLDepthbuffer.h">
      <Filter>HAL\opengl</Filter>
    </ClInclude>
    <ClInclude Include="..\..\..\HMD\Oculus\OVRTextureSwapChain.h">
      <Filter>HMD\Oculus</Filter>
    </ClInclude>
    <ClInclude Include="..\..\..\HMD\Oculus\OVRMirrorTexture.h">
      <Filter>HMD\Oculus</Filter>
    </ClInclude>
    <ClInclude Include="..\..\..\HAL\opengl\OGLProgram.h">
      <Filter>HAL\opengl</Filter>
    </ClInclude>
    <ClInclude Include="..\..\..\HAL\opengl\GLSLObject.h">
      <Filter>HAL\opengl</Filter>
    </ClInclude>
    <ClInclude Include="..\..\..\HAL\opengl\shaders\OGLFragmentShader.h">
      <Filter>HAL\opengl\shaders</Filter>
    </ClInclude>
    <ClInclude Include="..\..\..\HAL\opengl\shaders\OGLUniform.h">
      <Filter>HAL\opengl\shaders</Filter>
    </ClInclude>
    <ClInclude Include="..\..\..\HAL\opengl\shaders\OGLUniformBlock.h">
      <Filter>HAL\opengl\shaders</Filter>
    </ClInclude>
    <ClInclude Include="..\..\..\HAL\opengl\shaders\OGLVertexAttribute.h">
      <Filter>HAL\opengl\shaders</Filter>
    </ClInclude>
    <ClInclude Include="..\..\..\HAL\opengl\shaders\OGLVertexShader.h">
      <Filter>HAL\opengl\shaders</Filter>
    </ClInclude>
    <ClInclude Include="..\..\..\HAL\opengl\shaders\OpenGLShader.h">
      <Filter>HAL\opengl\shaders</Filter>
    </ClInclude>
    <ClInclude Include="..\..\..\HAL\opengl\OGLProgramFactory.h">
      <Filter>HAL\opengl</Filter>
    </ClInclude>
    <ClInclude Include="..\..\..\HAL\opengl\OGLProgramMinimal.h">
      <Filter>HAL\opengl</Filter>
    </ClInclude>
    <ClInclude Include="..\..\..\HAL\opengl\OGLProgramSkybox.h">
      <Filter>HAL\opengl</Filter>
    </ClInclude>
    <ClInclude Include="..\..\..\HAL\opengl\OGLProgramBlinnPhong.h">
      <Filter>HAL\opengl</Filter>
    </ClInclude>
    <ClInclude Include="..\..\..\HAL\opengl\OGLProgramMinimalTexture.h">
      <Filter>HAL\opengl</Filter>
    </ClInclude>
    <ClInclude Include="..\..\..\HAL\opengl\OGLProgramBlinnPhongTexture.h">
      <Filter>HAL\opengl</Filter>
    </ClInclude>
    <ClInclude Include="..\..\..\HAL\opengl\OGLProgramBlinnPhongTextureBump.h">
      <Filter>HAL\opengl</Filter>
    </ClInclude>
    <ClInclude Include="..\..\..\HAL\opengl\OGLProgramTextureBitBlit.h">
      <Filter>HAL\opengl</Filter>
    </ClInclude>
    <ClInclude Include="..\..\..\Primitives\text.h">
      <Filter>Primitives</Filter>
    </ClInclude>
    <ClInclude Include="..\..\..\HAL\opengl\OGLText.h">
      <Filter>HAL\opengl</Filter>
    </ClInclude>
    <ClInclude Include="..\..\..\Primitives\font.h">
      <Filter>Primitives</Filter>
	</ClInclude>
    <ClInclude Include="..\..\..\Cloud\CloudController.h">
      <Filter>Cloud</Filter>
    </ClInclude>
    <ClInclude Include="..\..\..\Cloud\CloudImp.h">
      <Filter>Cloud</Filter>
    </ClInclude>
    <ClInclude Include="..\..\..\Cloud\CEFImp.h">
      <Filter>Cloud</Filter>
    </ClInclude>
    <ClInclude Include="..\..\..\External\CEF\CEF_BINARY_3.2556.1368\include\cef_app.h">
      <Filter>External\CEF\v3.2556\include</Filter>
    </ClInclude>
    <ClInclude Include="..\..\..\External\CEF\CEF_BINARY_3.2556.1368\include\cef_auth_callback.h">
      <Filter>External\CEF\v3.2556\include</Filter>
    </ClInclude>
    <ClInclude Include="..\..\..\External\CEF\CEF_BINARY_3.2556.1368\include\cef_base.h">
      <Filter>External\CEF\v3.2556\include</Filter>
    </ClInclude>
    <ClInclude Include="..\..\..\External\CEF\CEF_BINARY_3.2556.1368\include\cef_browser.h">
      <Filter>External\CEF\v3.2556\include</Filter>
    </ClInclude>
    <ClInclude Include="..\..\..\External\CEF\CEF_BINARY_3.2556.1368\include\cef_browser_process_handler.h">
      <Filter>External\CEF\v3.2556\include</Filter>
    </ClInclude>
    <ClInclude Include="..\..\..\External\CEF\CEF_BINARY_3.2556.1368\include\cef_callback.h">
      <Filter>External\CEF\v3.2556\include</Filter>
    </ClInclude>
    <ClInclude Include="..\..\..\External\CEF\CEF_BINARY_3.2556.1368\include\cef_client.h">
      <Filter>External\CEF\v3.2556\include</Filter>
    </ClInclude>
    <ClInclude Include="..\..\..\External\CEF\CEF_BINARY_3.2556.1368\include\cef_command_line.h">
      <Filter>External\CEF\v3.2556\include</Filter>
    </ClInclude>
    <ClInclude Include="..\..\..\External\CEF\CEF_BINARY_3.2556.1368\include\cef_context_menu_handler.h">
      <Filter>External\CEF\v3.2556\include</Filter>
    </ClInclude>
    <ClInclude Include="..\..\..\External\CEF\CEF_BINARY_3.2556.1368\include\cef_cookie.h">
      <Filter>External\CEF\v3.2556\include</Filter>
    </ClInclude>
    <ClInclude Include="..\..\..\External\CEF\CEF_BINARY_3.2556.1368\include\cef_dialog_handler.h">
      <Filter>External\CEF\v3.2556\include</Filter>
    </ClInclude>
    <ClInclude Include="..\..\..\External\CEF\CEF_BINARY_3.2556.1368\include\cef_display_handler.h">
      <Filter>External\CEF\v3.2556\include</Filter>
    </ClInclude>
    <ClInclude Include="..\..\..\External\CEF\CEF_BINARY_3.2556.1368\include\cef_dom.h">
      <Filter>External\CEF\v3.2556\include</Filter>
    </ClInclude>
    <ClInclude Include="..\..\..\External\CEF\CEF_BINARY_3.2556.1368\include\cef_download_handler.h">
      <Filter>External\CEF\v3.2556\include</Filter>
    </ClInclude>
    <ClInclude Include="..\..\..\External\CEF\CEF_BINARY_3.2556.1368\include\cef_download_item.h">
      <Filter>External\CEF\v3.2556\include</Filter>
    </ClInclude>
    <ClInclude Include="..\..\..\External\CEF\CEF_BINARY_3.2556.1368\include\cef_drag_data.h">
      <Filter>External\CEF\v3.2556\include</Filter>
    </ClInclude>
    <ClInclude Include="..\..\..\External\CEF\CEF_BINARY_3.2556.1368\include\cef_drag_handler.h">
      <Filter>External\CEF\v3.2556\include</Filter>
    </ClInclude>
    <ClInclude Include="..\..\..\External\CEF\CEF_BINARY_3.2556.1368\include\cef_find_handler.h">
      <Filter>External\CEF\v3.2556\include</Filter>
    </ClInclude>
    <ClInclude Include="..\..\..\External\CEF\CEF_BINARY_3.2556.1368\include\cef_focus_handler.h">
      <Filter>External\CEF\v3.2556\include</Filter>
    </ClInclude>
    <ClInclude Include="..\..\..\External\CEF\CEF_BINARY_3.2556.1368\include\cef_frame.h">
      <Filter>External\CEF\v3.2556\include</Filter>
    </ClInclude>
    <ClInclude Include="..\..\..\External\CEF\CEF_BINARY_3.2556.1368\include\cef_geolocation.h">
      <Filter>External\CEF\v3.2556\include</Filter>
    </ClInclude>
    <ClInclude Include="..\..\..\External\CEF\CEF_BINARY_3.2556.1368\include\cef_geolocation_handler.h">
      <Filter>External\CEF\v3.2556\include</Filter>
    </ClInclude>
    <ClInclude Include="..\..\..\External\CEF\CEF_BINARY_3.2556.1368\include\cef_jsdialog_handler.h">
      <Filter>External\CEF\v3.2556\include</Filter>
    </ClInclude>
    <ClInclude Include="..\..\..\External\CEF\CEF_BINARY_3.2556.1368\include\cef_keyboard_handler.h">
      <Filter>External\CEF\v3.2556\include</Filter>
    </ClInclude>
    <ClInclude Include="..\..\..\External\CEF\CEF_BINARY_3.2556.1368\include\cef_life_span_handler.h">
      <Filter>External\CEF\v3.2556\include</Filter>
    </ClInclude>
    <ClInclude Include="..\..\..\External\CEF\CEF_BINARY_3.2556.1368\include\cef_load_handler.h">
      <Filter>External\CEF\v3.2556\include</Filter>
    </ClInclude>
    <ClInclude Include="..\..\..\External\CEF\CEF_BINARY_3.2556.1368\include\cef_menu_model.h">
      <Filter>External\CEF\v3.2556\include</Filter>
    </ClInclude>
    <ClInclude Include="..\..\..\External\CEF\CEF_BINARY_3.2556.1368\include\cef_navigation_entry.h">
      <Filter>External\CEF\v3.2556\include</Filter>
    </ClInclude>
    <ClInclude Include="..\..\..\External\CEF\CEF_BINARY_3.2556.1368\include\cef_origin_whitelist.h">
      <Filter>External\CEF\v3.2556\include</Filter>
    </ClInclude>
    <ClInclude Include="..\..\..\External\CEF\CEF_BINARY_3.2556.1368\include\cef_pack_resources.h">
      <Filter>External\CEF\v3.2556\include</Filter>
    </ClInclude>
    <ClInclude Include="..\..\..\External\CEF\CEF_BINARY_3.2556.1368\include\cef_pack_strings.h">
      <Filter>External\CEF\v3.2556\include</Filter>
    </ClInclude>
    <ClInclude Include="..\..\..\External\CEF\CEF_BINARY_3.2556.1368\include\cef_parser.h">
      <Filter>External\CEF\v3.2556\include</Filter>
    </ClInclude>
    <ClInclude Include="..\..\..\External\CEF\CEF_BINARY_3.2556.1368\include\cef_path_util.h">
      <Filter>External\CEF\v3.2556\include</Filter>
    </ClInclude>
    <ClInclude Include="..\..\..\External\CEF\CEF_BINARY_3.2556.1368\include\cef_print_handler.h">
      <Filter>External\CEF\v3.2556\include</Filter>
    </ClInclude>
    <ClInclude Include="..\..\..\External\CEF\CEF_BINARY_3.2556.1368\include\cef_print_settings.h">
      <Filter>External\CEF\v3.2556\include</Filter>
    </ClInclude>
    <ClInclude Include="..\..\..\External\CEF\CEF_BINARY_3.2556.1368\include\cef_process_message.h">
      <Filter>External\CEF\v3.2556\include</Filter>
    </ClInclude>
    <ClInclude Include="..\..\..\External\CEF\CEF_BINARY_3.2556.1368\include\cef_process_util.h">
      <Filter>External\CEF\v3.2556\include</Filter>
    </ClInclude>
    <ClInclude Include="..\..\..\External\CEF\CEF_BINARY_3.2556.1368\include\cef_render_handler.h">
      <Filter>External\CEF\v3.2556\include</Filter>
    </ClInclude>
    <ClInclude Include="..\..\..\External\CEF\CEF_BINARY_3.2556.1368\include\cef_render_process_handler.h">
      <Filter>External\CEF\v3.2556\include</Filter>
    </ClInclude>
    <ClInclude Include="..\..\..\External\CEF\CEF_BINARY_3.2556.1368\include\cef_request.h">
      <Filter>External\CEF\v3.2556\include</Filter>
    </ClInclude>
    <ClInclude Include="..\..\..\External\CEF\CEF_BINARY_3.2556.1368\include\cef_request_context.h">
      <Filter>External\CEF\v3.2556\include</Filter>
    </ClInclude>
    <ClInclude Include="..\..\..\External\CEF\CEF_BINARY_3.2556.1368\include\cef_request_context_handler.h">
      <Filter>External\CEF\v3.2556\include</Filter>
    </ClInclude>
    <ClInclude Include="..\..\..\External\CEF\CEF_BINARY_3.2556.1368\include\cef_request_handler.h">
      <Filter>External\CEF\v3.2556\include</Filter>
    </ClInclude>
    <ClInclude Include="..\..\..\External\CEF\CEF_BINARY_3.2556.1368\include\cef_resource_bundle.h">
      <Filter>External\CEF\v3.2556\include</Filter>
    </ClInclude>
    <ClInclude Include="..\..\..\External\CEF\CEF_BINARY_3.2556.1368\include\cef_resource_bundle_handler.h">
      <Filter>External\CEF\v3.2556\include</Filter>
    </ClInclude>
    <ClInclude Include="..\..\..\External\CEF\CEF_BINARY_3.2556.1368\include\cef_resource_handler.h">
      <Filter>External\CEF\v3.2556\include</Filter>
    </ClInclude>
    <ClInclude Include="..\..\..\External\CEF\CEF_BINARY_3.2556.1368\include\cef_response.h">
      <Filter>External\CEF\v3.2556\include</Filter>
    </ClInclude>
    <ClInclude Include="..\..\..\External\CEF\CEF_BINARY_3.2556.1368\include\cef_response_filter.h">
      <Filter>External\CEF\v3.2556\include</Filter>
    </ClInclude>
    <ClInclude Include="..\..\..\External\CEF\CEF_BINARY_3.2556.1368\include\cef_runnable.h">
      <Filter>External\CEF\v3.2556\include</Filter>
    </ClInclude>
    <ClInclude Include="..\..\..\External\CEF\CEF_BINARY_3.2556.1368\include\cef_sandbox_win.h">
      <Filter>External\CEF\v3.2556\include</Filter>
    </ClInclude>
    <ClInclude Include="..\..\..\External\CEF\CEF_BINARY_3.2556.1368\include\cef_scheme.h">
      <Filter>External\CEF\v3.2556\include</Filter>
    </ClInclude>
    <ClInclude Include="..\..\..\External\CEF\CEF_BINARY_3.2556.1368\include\cef_ssl_info.h">
      <Filter>External\CEF\v3.2556\include</Filter>
    </ClInclude>
    <ClInclude Include="..\..\..\External\CEF\CEF_BINARY_3.2556.1368\include\cef_stream.h">
      <Filter>External\CEF\v3.2556\include</Filter>
    </ClInclude>
    <ClInclude Include="..\..\..\External\CEF\CEF_BINARY_3.2556.1368\include\cef_string_visitor.h">
      <Filter>External\CEF\v3.2556\include</Filter>
    </ClInclude>
    <ClInclude Include="..\..\..\External\CEF\CEF_BINARY_3.2556.1368\include\cef_task.h">
      <Filter>External\CEF\v3.2556\include</Filter>
    </ClInclude>
    <ClInclude Include="..\..\..\External\CEF\CEF_BINARY_3.2556.1368\include\cef_trace.h">
      <Filter>External\CEF\v3.2556\include</Filter>
    </ClInclude>
    <ClInclude Include="..\..\..\External\CEF\CEF_BINARY_3.2556.1368\include\cef_urlrequest.h">
      <Filter>External\CEF\v3.2556\include</Filter>
    </ClInclude>
    <ClInclude Include="..\..\..\External\CEF\CEF_BINARY_3.2556.1368\include\cef_v8.h">
      <Filter>External\CEF\v3.2556\include</Filter>
    </ClInclude>
    <ClInclude Include="..\..\..\External\CEF\CEF_BINARY_3.2556.1368\include\cef_values.h">
      <Filter>External\CEF\v3.2556\include</Filter>
    </ClInclude>
    <ClInclude Include="..\..\..\External\CEF\CEF_BINARY_3.2556.1368\include\cef_version.h">
      <Filter>External\CEF\v3.2556\include</Filter>
    </ClInclude>
    <ClInclude Include="..\..\..\External\CEF\CEF_BINARY_3.2556.1368\include\cef_web_plugin.h">
      <Filter>External\CEF\v3.2556\include</Filter>
    </ClInclude>
    <ClInclude Include="..\..\..\External\CEF\CEF_BINARY_3.2556.1368\include\cef_xml_reader.h">
      <Filter>External\CEF\v3.2556\include</Filter>
    </ClInclude>
    <ClInclude Include="..\..\..\External\CEF\CEF_BINARY_3.2556.1368\include\cef_zip_reader.h">
      <Filter>External\CEF\v3.2556\include</Filter>
    </ClInclude>
    <ClInclude Include="..\..\..\External\CEF\CEF_BINARY_3.2556.1368\include\wrapper\cef_byte_read_handler.h">
      <Filter>External\CEF\v3.2556\include\wrapper</Filter>
    </ClInclude>
    <ClInclude Include="..\..\..\External\CEF\CEF_BINARY_3.2556.1368\include\wrapper\cef_closure_task.h">
      <Filter>External\CEF\v3.2556\include\wrapper</Filter>
    </ClInclude>
    <ClInclude Include="..\..\..\External\CEF\CEF_BINARY_3.2556.1368\include\wrapper\cef_helpers.h">
      <Filter>External\CEF\v3.2556\include\wrapper</Filter>
    </ClInclude>
    <ClInclude Include="..\..\..\External\CEF\CEF_BINARY_3.2556.1368\include\wrapper\cef_message_router.h">
      <Filter>External\CEF\v3.2556\include\wrapper</Filter>
    </ClInclude>
    <ClInclude Include="..\..\..\External\CEF\CEF_BINARY_3.2556.1368\include\wrapper\cef_resource_manager.h">
      <Filter>External\CEF\v3.2556\include\wrapper</Filter>
    </ClInclude>
    <ClInclude Include="..\..\..\External\CEF\CEF_BINARY_3.2556.1368\include\wrapper\cef_stream_resource_handler.h">
      <Filter>External\CEF\v3.2556\include\wrapper</Filter>
    </ClInclude>
    <ClInclude Include="..\..\..\External\CEF\CEF_BINARY_3.2556.1368\include\wrapper\cef_xml_object.h">
      <Filter>External\CEF\v3.2556\include\wrapper</Filter>
    </ClInclude>
    <ClInclude Include="..\..\..\External\CEF\CEF_BINARY_3.2556.1368\include\wrapper\cef_zip_archive.h">
      <Filter>External\CEF\v3.2556\include\wrapper</Filter>
    </ClInclude>
    <ClInclude Include="..\..\..\External\CEF\CEF_BINARY_3.2556.1368\include\internal\cef_export.h">
      <Filter>External\CEF\v3.2556\include\internal</Filter>
    </ClInclude>
    <ClInclude Include="..\..\..\External\CEF\CEF_BINARY_3.2556.1368\include\internal\cef_logging_internal.h">
      <Filter>External\CEF\v3.2556\include\internal</Filter>
    </ClInclude>
    <ClInclude Include="..\..\..\External\CEF\CEF_BINARY_3.2556.1368\include\internal\cef_ptr.h">
      <Filter>External\CEF\v3.2556\include\internal</Filter>
    </ClInclude>
    <ClInclude Include="..\..\..\External\CEF\CEF_BINARY_3.2556.1368\include\internal\cef_string.h">
      <Filter>External\CEF\v3.2556\include\internal</Filter>
    </ClInclude>
    <ClInclude Include="..\..\..\External\CEF\CEF_BINARY_3.2556.1368\include\internal\cef_string_list.h">
      <Filter>External\CEF\v3.2556\include\internal</Filter>
    </ClInclude>
    <ClInclude Include="..\..\..\External\CEF\CEF_BINARY_3.2556.1368\include\internal\cef_string_map.h">
      <Filter>External\CEF\v3.2556\include\internal</Filter>
    </ClInclude>
    <ClInclude Include="..\..\..\External\CEF\CEF_BINARY_3.2556.1368\include\internal\cef_string_multimap.h">
      <Filter>External\CEF\v3.2556\include\internal</Filter>
    </ClInclude>
    <ClInclude Include="..\..\..\External\CEF\CEF_BINARY_3.2556.1368\include\internal\cef_string_types.h">
      <Filter>External\CEF\v3.2556\include\internal</Filter>
    </ClInclude>
    <ClInclude Include="..\..\..\External\CEF\CEF_BINARY_3.2556.1368\include\internal\cef_string_wrappers.h">
      <Filter>External\CEF\v3.2556\include\internal</Filter>
    </ClInclude>
    <ClInclude Include="..\..\..\External\CEF\CEF_BINARY_3.2556.1368\include\internal\cef_thread_internal.h">
      <Filter>External\CEF\v3.2556\include\internal</Filter>
    </ClInclude>
    <ClInclude Include="..\..\..\External\CEF\CEF_BINARY_3.2556.1368\include\internal\cef_time.h">
      <Filter>External\CEF\v3.2556\include\internal</Filter>
    </ClInclude>
    <ClInclude Include="..\..\..\External\CEF\CEF_BINARY_3.2556.1368\include\internal\cef_trace_event_internal.h">
      <Filter>External\CEF\v3.2556\include\internal</Filter>
    </ClInclude>
    <ClInclude Include="..\..\..\External\CEF\CEF_BINARY_3.2556.1368\include\internal\cef_types.h">
      <Filter>External\CEF\v3.2556\include\internal</Filter>
    </ClInclude>
    <ClInclude Include="..\..\..\External\CEF\CEF_BINARY_3.2556.1368\include\internal\cef_types_win.h">
      <Filter>External\CEF\v3.2556\include\internal</Filter>
    </ClInclude>
    <ClInclude Include="..\..\..\External\CEF\CEF_BINARY_3.2556.1368\include\internal\cef_types_wrappers.h">
      <Filter>External\CEF\v3.2556\include\internal</Filter>
    </ClInclude>
    <ClInclude Include="..\..\..\External\CEF\CEF_BINARY_3.2556.1368\include\internal\cef_win.h">
      <Filter>External\CEF\v3.2556\include\internal</Filter>
    </ClInclude>
    <ClInclude Include="..\..\..\External\CEF\CEF_BINARY_3.2556.1368\include\capi\cef_app_capi.h">
      <Filter>External\CEF\v3.2556\include\capi</Filter>
    </ClInclude>
    <ClInclude Include="..\..\..\External\CEF\CEF_BINARY_3.2556.1368\include\capi\cef_auth_callback_capi.h">
      <Filter>External\CEF\v3.2556\include\capi</Filter>
    </ClInclude>
    <ClInclude Include="..\..\..\External\CEF\CEF_BINARY_3.2556.1368\include\capi\cef_base_capi.h">
      <Filter>External\CEF\v3.2556\include\capi</Filter>
    </ClInclude>
    <ClInclude Include="..\..\..\External\CEF\CEF_BINARY_3.2556.1368\include\capi\cef_browser_capi.h">
      <Filter>External\CEF\v3.2556\include\capi</Filter>
    </ClInclude>
    <ClInclude Include="..\..\..\External\CEF\CEF_BINARY_3.2556.1368\include\capi\cef_browser_process_handler_capi.h">
      <Filter>External\CEF\v3.2556\include\capi</Filter>
    </ClInclude>
    <ClInclude Include="..\..\..\External\CEF\CEF_BINARY_3.2556.1368\include\capi\cef_callback_capi.h">
      <Filter>External\CEF\v3.2556\include\capi</Filter>
    </ClInclude>
    <ClInclude Include="..\..\..\External\CEF\CEF_BINARY_3.2556.1368\include\capi\cef_client_capi.h">
      <Filter>External\CEF\v3.2556\include\capi</Filter>
    </ClInclude>
    <ClInclude Include="..\..\..\External\CEF\CEF_BINARY_3.2556.1368\include\capi\cef_command_line_capi.h">
      <Filter>External\CEF\v3.2556\include\capi</Filter>
    </ClInclude>
    <ClInclude Include="..\..\..\External\CEF\CEF_BINARY_3.2556.1368\include\capi\cef_context_menu_handler_capi.h">
      <Filter>External\CEF\v3.2556\include\capi</Filter>
    </ClInclude>
    <ClInclude Include="..\..\..\External\CEF\CEF_BINARY_3.2556.1368\include\capi\cef_cookie_capi.h">
      <Filter>External\CEF\v3.2556\include\capi</Filter>
    </ClInclude>
    <ClInclude Include="..\..\..\External\CEF\CEF_BINARY_3.2556.1368\include\capi\cef_dialog_handler_capi.h">
      <Filter>External\CEF\v3.2556\include\capi</Filter>
    </ClInclude>
    <ClInclude Include="..\..\..\External\CEF\CEF_BINARY_3.2556.1368\include\capi\cef_display_handler_capi.h">
      <Filter>External\CEF\v3.2556\include\capi</Filter>
    </ClInclude>
    <ClInclude Include="..\..\..\External\CEF\CEF_BINARY_3.2556.1368\include\capi\cef_dom_capi.h">
      <Filter>External\CEF\v3.2556\include\capi</Filter>
    </ClInclude>
    <ClInclude Include="..\..\..\External\CEF\CEF_BINARY_3.2556.1368\include\capi\cef_download_handler_capi.h">
      <Filter>External\CEF\v3.2556\include\capi</Filter>
    </ClInclude>
    <ClInclude Include="..\..\..\External\CEF\CEF_BINARY_3.2556.1368\include\capi\cef_download_item_capi.h">
      <Filter>External\CEF\v3.2556\include\capi</Filter>
    </ClInclude>
    <ClInclude Include="..\..\..\External\CEF\CEF_BINARY_3.2556.1368\include\capi\cef_drag_data_capi.h">
      <Filter>External\CEF\v3.2556\include\capi</Filter>
    </ClInclude>
    <ClInclude Include="..\..\..\External\CEF\CEF_BINARY_3.2556.1368\include\capi\cef_drag_handler_capi.h">
      <Filter>External\CEF\v3.2556\include\capi</Filter>
    </ClInclude>
    <ClInclude Include="..\..\..\External\CEF\CEF_BINARY_3.2556.1368\include\capi\cef_find_handler_capi.h">
      <Filter>External\CEF\v3.2556\include\capi</Filter>
    </ClInclude>
    <ClInclude Include="..\..\..\External\CEF\CEF_BINARY_3.2556.1368\include\capi\cef_focus_handler_capi.h">
      <Filter>External\CEF\v3.2556\include\capi</Filter>
    </ClInclude>
    <ClInclude Include="..\..\..\External\CEF\CEF_BINARY_3.2556.1368\include\capi\cef_frame_capi.h">
      <Filter>External\CEF\v3.2556\include\capi</Filter>
    </ClInclude>
    <ClInclude Include="..\..\..\External\CEF\CEF_BINARY_3.2556.1368\include\capi\cef_geolocation_capi.h">
      <Filter>External\CEF\v3.2556\include\capi</Filter>
    </ClInclude>
    <ClInclude Include="..\..\..\External\CEF\CEF_BINARY_3.2556.1368\include\capi\cef_geolocation_handler_capi.h">
      <Filter>External\CEF\v3.2556\include\capi</Filter>
    </ClInclude>
    <ClInclude Include="..\..\..\External\CEF\CEF_BINARY_3.2556.1368\include\capi\cef_jsdialog_handler_capi.h">
      <Filter>External\CEF\v3.2556\include\capi</Filter>
    </ClInclude>
    <ClInclude Include="..\..\..\External\CEF\CEF_BINARY_3.2556.1368\include\capi\cef_keyboard_handler_capi.h">
      <Filter>External\CEF\v3.2556\include\capi</Filter>
    </ClInclude>
    <ClInclude Include="..\..\..\External\CEF\CEF_BINARY_3.2556.1368\include\capi\cef_life_span_handler_capi.h">
      <Filter>External\CEF\v3.2556\include\capi</Filter>
    </ClInclude>
    <ClInclude Include="..\..\..\External\CEF\CEF_BINARY_3.2556.1368\include\capi\cef_load_handler_capi.h">
      <Filter>External\CEF\v3.2556\include\capi</Filter>
    </ClInclude>
    <ClInclude Include="..\..\..\External\CEF\CEF_BINARY_3.2556.1368\include\capi\cef_menu_model_capi.h">
      <Filter>External\CEF\v3.2556\include\capi</Filter>
    </ClInclude>
    <ClInclude Include="..\..\..\External\CEF\CEF_BINARY_3.2556.1368\include\capi\cef_navigation_entry_capi.h">
      <Filter>External\CEF\v3.2556\include\capi</Filter>
    </ClInclude>
    <ClInclude Include="..\..\..\External\CEF\CEF_BINARY_3.2556.1368\include\capi\cef_origin_whitelist_capi.h">
      <Filter>External\CEF\v3.2556\include\capi</Filter>
    </ClInclude>
    <ClInclude Include="..\..\..\External\CEF\CEF_BINARY_3.2556.1368\include\capi\cef_parser_capi.h">
      <Filter>External\CEF\v3.2556\include\capi</Filter>
    </ClInclude>
    <ClInclude Include="..\..\..\External\CEF\CEF_BINARY_3.2556.1368\include\capi\cef_path_util_capi.h">
      <Filter>External\CEF\v3.2556\include\capi</Filter>
    </ClInclude>
    <ClInclude Include="..\..\..\External\CEF\CEF_BINARY_3.2556.1368\include\capi\cef_print_handler_capi.h">
      <Filter>External\CEF\v3.2556\include\capi</Filter>
    </ClInclude>
    <ClInclude Include="..\..\..\External\CEF\CEF_BINARY_3.2556.1368\include\capi\cef_print_settings_capi.h">
      <Filter>External\CEF\v3.2556\include\capi</Filter>
    </ClInclude>
    <ClInclude Include="..\..\..\External\CEF\CEF_BINARY_3.2556.1368\include\capi\cef_process_message_capi.h">
      <Filter>External\CEF\v3.2556\include\capi</Filter>
    </ClInclude>
    <ClInclude Include="..\..\..\External\CEF\CEF_BINARY_3.2556.1368\include\capi\cef_process_util_capi.h">
      <Filter>External\CEF\v3.2556\include\capi</Filter>
    </ClInclude>
    <ClInclude Include="..\..\..\External\CEF\CEF_BINARY_3.2556.1368\include\capi\cef_render_handler_capi.h">
      <Filter>External\CEF\v3.2556\include\capi</Filter>
    </ClInclude>
    <ClInclude Include="..\..\..\External\CEF\CEF_BINARY_3.2556.1368\include\capi\cef_render_process_handler_capi.h">
      <Filter>External\CEF\v3.2556\include\capi</Filter>
    </ClInclude>
    <ClInclude Include="..\..\..\External\CEF\CEF_BINARY_3.2556.1368\include\capi\cef_request_capi.h">
      <Filter>External\CEF\v3.2556\include\capi</Filter>
    </ClInclude>
    <ClInclude Include="..\..\..\External\CEF\CEF_BINARY_3.2556.1368\include\capi\cef_request_context_capi.h">
      <Filter>External\CEF\v3.2556\include\capi</Filter>
    </ClInclude>
    <ClInclude Include="..\..\..\External\CEF\CEF_BINARY_3.2556.1368\include\capi\cef_request_context_handler_capi.h">
      <Filter>External\CEF\v3.2556\include\capi</Filter>
    </ClInclude>
    <ClInclude Include="..\..\..\External\CEF\CEF_BINARY_3.2556.1368\include\capi\cef_request_handler_capi.h">
      <Filter>External\CEF\v3.2556\include\capi</Filter>
    </ClInclude>
    <ClInclude Include="..\..\..\External\CEF\CEF_BINARY_3.2556.1368\include\capi\cef_resource_bundle_capi.h">
      <Filter>External\CEF\v3.2556\include\capi</Filter>
    </ClInclude>
    <ClInclude Include="..\..\..\External\CEF\CEF_BINARY_3.2556.1368\include\capi\cef_resource_bundle_handler_capi.h">
      <Filter>External\CEF\v3.2556\include\capi</Filter>
    </ClInclude>
    <ClInclude Include="..\..\..\External\CEF\CEF_BINARY_3.2556.1368\include\capi\cef_resource_handler_capi.h">
      <Filter>External\CEF\v3.2556\include\capi</Filter>
    </ClInclude>
    <ClInclude Include="..\..\..\External\CEF\CEF_BINARY_3.2556.1368\include\capi\cef_response_capi.h">
      <Filter>External\CEF\v3.2556\include\capi</Filter>
    </ClInclude>
    <ClInclude Include="..\..\..\External\CEF\CEF_BINARY_3.2556.1368\include\capi\cef_response_filter_capi.h">
      <Filter>External\CEF\v3.2556\include\capi</Filter>
    </ClInclude>
    <ClInclude Include="..\..\..\External\CEF\CEF_BINARY_3.2556.1368\include\capi\cef_scheme_capi.h">
      <Filter>External\CEF\v3.2556\include\capi</Filter>
    </ClInclude>
    <ClInclude Include="..\..\..\External\CEF\CEF_BINARY_3.2556.1368\include\capi\cef_ssl_info_capi.h">
      <Filter>External\CEF\v3.2556\include\capi</Filter>
    </ClInclude>
    <ClInclude Include="..\..\..\External\CEF\CEF_BINARY_3.2556.1368\include\capi\cef_stream_capi.h">
      <Filter>External\CEF\v3.2556\include\capi</Filter>
    </ClInclude>
    <ClInclude Include="..\..\..\External\CEF\CEF_BINARY_3.2556.1368\include\capi\cef_string_visitor_capi.h">
      <Filter>External\CEF\v3.2556\include\capi</Filter>
    </ClInclude>
    <ClInclude Include="..\..\..\External\CEF\CEF_BINARY_3.2556.1368\include\capi\cef_task_capi.h">
      <Filter>External\CEF\v3.2556\include\capi</Filter>
    </ClInclude>
    <ClInclude Include="..\..\..\External\CEF\CEF_BINARY_3.2556.1368\include\capi\cef_trace_capi.h">
      <Filter>External\CEF\v3.2556\include\capi</Filter>
    </ClInclude>
    <ClInclude Include="..\..\..\External\CEF\CEF_BINARY_3.2556.1368\include\capi\cef_urlrequest_capi.h">
      <Filter>External\CEF\v3.2556\include\capi</Filter>
    </ClInclude>
    <ClInclude Include="..\..\..\External\CEF\CEF_BINARY_3.2556.1368\include\capi\cef_v8_capi.h">
      <Filter>External\CEF\v3.2556\include\capi</Filter>
    </ClInclude>
    <ClInclude Include="..\..\..\External\CEF\CEF_BINARY_3.2556.1368\include\capi\cef_values_capi.h">
      <Filter>External\CEF\v3.2556\include\capi</Filter>
    </ClInclude>
    <ClInclude Include="..\..\..\External\CEF\CEF_BINARY_3.2556.1368\include\capi\cef_web_plugin_capi.h">
      <Filter>External\CEF\v3.2556\include\capi</Filter>
    </ClInclude>
    <ClInclude Include="..\..\..\External\CEF\CEF_BINARY_3.2556.1368\include\capi\cef_xml_reader_capi.h">
      <Filter>External\CEF\v3.2556\include\capi</Filter>
    </ClInclude>
    <ClInclude Include="..\..\..\External\CEF\CEF_BINARY_3.2556.1368\include\capi\cef_zip_reader_capi.h">
      <Filter>External\CEF\v3.2556\include\capi</Filter>
    </ClInclude>
    <ClInclude Include="..\..\..\External\CEF\CEF_BINARY_3.2556.1368\include\base\cef_atomicops.h">
      <Filter>External\CEF\v3.2556\include\base</Filter>
    </ClInclude>
    <ClInclude Include="..\..\..\External\CEF\CEF_BINARY_3.2556.1368\include\base\cef_atomic_ref_count.h">
      <Filter>External\CEF\v3.2556\include\base</Filter>
    </ClInclude>
    <ClInclude Include="..\..\..\External\CEF\CEF_BINARY_3.2556.1368\include\base\cef_basictypes.h">
      <Filter>External\CEF\v3.2556\include\base</Filter>
    </ClInclude>
    <ClInclude Include="..\..\..\External\CEF\CEF_BINARY_3.2556.1368\include\base\cef_bind.h">
      <Filter>External\CEF\v3.2556\include\base</Filter>
    </ClInclude>
    <ClInclude Include="..\..\..\External\CEF\CEF_BINARY_3.2556.1368\include\base\cef_bind_helpers.h">
      <Filter>External\CEF\v3.2556\include\base</Filter>
    </ClInclude>
    <ClInclude Include="..\..\..\External\CEF\CEF_BINARY_3.2556.1368\include\base\cef_build.h">
      <Filter>External\CEF\v3.2556\include\base</Filter>
    </ClInclude>
    <ClInclude Include="..\..\..\External\CEF\CEF_BINARY_3.2556.1368\include\base\cef_callback.h">
      <Filter>External\CEF\v3.2556\include\base</Filter>
    </ClInclude>
    <ClInclude Include="..\..\..\External\CEF\CEF_BINARY_3.2556.1368\include\base\cef_callback_forward.h">
      <Filter>External\CEF\v3.2556\include\base</Filter>
    </ClInclude>
    <ClInclude Include="..\..\..\External\CEF\CEF_BINARY_3.2556.1368\include\base\cef_callback_helpers.h">
      <Filter>External\CEF\v3.2556\include\base</Filter>
    </ClInclude>
    <ClInclude Include="..\..\..\External\CEF\CEF_BINARY_3.2556.1368\include\base\cef_callback_list.h">
      <Filter>External\CEF\v3.2556\include\base</Filter>
    </ClInclude>
    <ClInclude Include="..\..\..\External\CEF\CEF_BINARY_3.2556.1368\include\base\cef_cancelable_callback.h">
      <Filter>External\CEF\v3.2556\include\base</Filter>
    </ClInclude>
    <ClInclude Include="..\..\..\External\CEF\CEF_BINARY_3.2556.1368\include\base\cef_lock.h">
      <Filter>External\CEF\v3.2556\include\base</Filter>
    </ClInclude>
    <ClInclude Include="..\..\..\External\CEF\CEF_BINARY_3.2556.1368\include\base\cef_logging.h">
      <Filter>External\CEF\v3.2556\include\base</Filter>
    </ClInclude>
    <ClInclude Include="..\..\..\External\CEF\CEF_BINARY_3.2556.1368\include\base\cef_macros.h">
      <Filter>External\CEF\v3.2556\include\base</Filter>
    </ClInclude>
    <ClInclude Include="..\..\..\External\CEF\CEF_BINARY_3.2556.1368\include\base\cef_move.h">
      <Filter>External\CEF\v3.2556\include\base</Filter>
    </ClInclude>
    <ClInclude Include="..\..\..\External\CEF\CEF_BINARY_3.2556.1368\include\base\cef_platform_thread.h">
      <Filter>External\CEF\v3.2556\include\base</Filter>
    </ClInclude>
    <ClInclude Include="..\..\..\External\CEF\CEF_BINARY_3.2556.1368\include\base\cef_ref_counted.h">
      <Filter>External\CEF\v3.2556\include\base</Filter>
    </ClInclude>
    <ClInclude Include="..\..\..\External\CEF\CEF_BINARY_3.2556.1368\include\base\cef_scoped_ptr.h">
      <Filter>External\CEF\v3.2556\include\base</Filter>
    </ClInclude>
    <ClInclude Include="..\..\..\External\CEF\CEF_BINARY_3.2556.1368\include\base\cef_string16.h">
      <Filter>External\CEF\v3.2556\include\base</Filter>
    </ClInclude>
    <ClInclude Include="..\..\..\External\CEF\CEF_BINARY_3.2556.1368\include\base\cef_template_util.h">
      <Filter>External\CEF\v3.2556\include\base</Filter>
    </ClInclude>
    <ClInclude Include="..\..\..\External\CEF\CEF_BINARY_3.2556.1368\include\base\cef_thread_checker.h">
      <Filter>External\CEF\v3.2556\include\base</Filter>
    </ClInclude>
    <ClInclude Include="..\..\..\External\CEF\CEF_BINARY_3.2556.1368\include\base\cef_thread_collision_warner.h">
      <Filter>External\CEF\v3.2556\include\base</Filter>
    </ClInclude>
    <ClInclude Include="..\..\..\External\CEF\CEF_BINARY_3.2556.1368\include\base\cef_trace_event.h">
      <Filter>External\CEF\v3.2556\include\base</Filter>
    </ClInclude>
    <ClInclude Include="..\..\..\External\CEF\CEF_BINARY_3.2556.1368\include\base\cef_tuple.h">
      <Filter>External\CEF\v3.2556\include\base</Filter>
    </ClInclude>
    <ClInclude Include="..\..\..\External\CEF\CEF_BINARY_3.2556.1368\include\base\cef_weak_ptr.h">
      <Filter>External\CEF\v3.2556\include\base</Filter>
    </ClInclude>
    <ClInclude Include="..\..\..\External\CEF\CEF_BINARY_3.2556.1368\include\base\internal\cef_atomicops_x86_msvc.h">
      <Filter>External\CEF\v3.2556\include\base</Filter>
    </ClInclude>
    <ClInclude Include="..\..\..\External\CEF\CEF_BINARY_3.2556.1368\include\base\internal\cef_bind_internal.h">
      <Filter>External\CEF\v3.2556\include\base</Filter>
    </ClInclude>
    <ClInclude Include="..\..\..\External\CEF\CEF_BINARY_3.2556.1368\include\base\internal\cef_bind_internal_win.h">
      <Filter>External\CEF\v3.2556\include\base</Filter>
    </ClInclude>
    <ClInclude Include="..\..\..\External\CEF\CEF_BINARY_3.2556.1368\include\base\internal\cef_callback_internal.h">
      <Filter>External\CEF\v3.2556\include\base</Filter>
    </ClInclude>
    <ClInclude Include="..\..\..\External\CEF\CEF_BINARY_3.2556.1368\include\base\internal\cef_lock_impl.h">
      <Filter>External\CEF\v3.2556\include\base</Filter>
    </ClInclude>
    <ClInclude Include="..\..\..\External\CEF\CEF_BINARY_3.2556.1368\include\base\internal\cef_raw_scoped_refptr_mismatch_checker.h">
      <Filter>External\CEF\v3.2556\include\base</Filter>
    </ClInclude>
    <ClInclude Include="..\..\..\External\CEF\CEF_BINARY_3.2556.1368\include\base\internal\cef_thread_checker_impl.h">
      <Filter>External\CEF\v3.2556\include\base</Filter>
    </ClInclude>
    <ClInclude Include="..\..\..\Cloud\CEFApp.h">
      <Filter>Cloud</Filter>
    </ClInclude>
    <ClInclude Include="..\..\..\Cloud\CEFHandler.h">
      <Filter>Cloud</Filter>
    </ClInclude>
    <ClInclude Include="..\..\..\Cloud\CloudControllerFactory.h">
      <Filter>Cloud</Filter>
    </ClInclude>
    <ClInclude Include="..\..\..\Cloud\CEFURLRequestController.h">
      <Filter>Cloud</Filter>
    </ClInclude>
  </ItemGroup>
  <ItemGroup>
    <None Include="..\..\..\Makefile">
      <Filter>Resource Files</Filter>
    </None>
    <None Include="..\..\..\Rakefile">
      <Filter>Resource Files</Filter>
    </None>
    <None Include="..\..\..\Primitives\.DS_Store">
      <Filter>Primitives</Filter>
    </None>
    <None Include="..\..\..\HAL\opengl\shaders\GLSL\v400\minimal.frag">
      <Filter>HAL\opengl\shaders\GLSL\v400</Filter>
    </None>
    <None Include="..\..\..\HAL\opengl\shaders\GLSL\v400\minimal.vert">
      <Filter>HAL\opengl\shaders\GLSL\v400</Filter>
    </None>
    <None Include="..\..\..\HAL\opengl\shaders\GLSL\v440\blinnPhong.frag">
      <Filter>HAL\opengl\shaders\GLSL\v440</Filter>
    </None>
    <None Include="..\..\..\HAL\opengl\shaders\GLSL\v440\blinnPhong.vert">
      <Filter>HAL\opengl\shaders\GLSL\v440</Filter>
    </None>
    <None Include="..\..\..\HAL\opengl\shaders\GLSL\v440\minimal.frag">
      <Filter>HAL\opengl\shaders\GLSL\v440</Filter>
    </None>
    <None Include="..\..\..\HAL\opengl\shaders\GLSL\v440\minimal.vert">
      <Filter>HAL\opengl\shaders\GLSL\v440</Filter>
    </None>
    <None Include="..\..\..\HAL\opengl\shaders\GLSL\v440\minimalTexture.frag">
      <Filter>HAL\opengl\shaders\GLSL\v440</Filter>
    </None>
    <None Include="..\..\..\HAL\opengl\shaders\GLSL\v440\minimalTexture.vert">
      <Filter>HAL\opengl\shaders\GLSL\v440</Filter>
    </None>
    <None Include="..\..\..\HAL\opengl\shaders\GLSL\v440\skybox.frag">
      <Filter>HAL\opengl\shaders\GLSL\v440</Filter>
    </None>
    <None Include="..\..\..\HAL\opengl\shaders\GLSL\v440\skybox.vert">
      <Filter>HAL\opengl\shaders\GLSL\v440</Filter>
    </None>
    <None Include="..\..\..\HAL\opengl\shaders\GLSL\v440\blinnPhongTexture.frag">
      <Filter>HAL\opengl\shaders\GLSL\v440</Filter>
    </None>
    <None Include="..\..\..\HAL\opengl\shaders\GLSL\v440\blinnPhongTexture.vert">
      <Filter>HAL\opengl\shaders\GLSL\v440</Filter>
    </None>
    <None Include="..\..\..\HAL\opengl\shaders\GLSL\v440\blinnPhongTextureBump.frag">
      <Filter>HAL\opengl\shaders\GLSL\v440</Filter>
    </None>
    <None Include="..\..\..\HAL\opengl\shaders\GLSL\v440\blinnPhongTextureBump.vert">
      <Filter>HAL\opengl\shaders\GLSL\v440</Filter>
    </None>
    <None Include="..\..\..\HAL\opengl\shaders\GLSL\v400\skybox.frag">
      <Filter>HAL\opengl\shaders\GLSL\v400</Filter>
    </None>
    <None Include="..\..\..\HAL\opengl\shaders\GLSL\v400\skybox.vert">
      <Filter>HAL\opengl\shaders\GLSL\v400</Filter>
    </None>
    <None Include="..\..\..\HAL\opengl\shaders\GLSL\v400\minimalTexture.frag">
      <Filter>HAL\opengl\shaders\GLSL\v400</Filter>
    </None>
    <None Include="..\..\..\HAL\opengl\shaders\GLSL\v400\minimalTexture.vert">
      <Filter>HAL\opengl\shaders\GLSL\v400</Filter>
    </None>
    <None Include="..\..\..\HAL\opengl\shaders\GLSL\v400\TextureBitBlit.frag">
      <Filter>HAL\opengl\shaders\GLSL\v400</Filter>
    </None>
    <None Include="..\..\..\HAL\opengl\shaders\GLSL\v400\TextureBitBlit.vert">
      <Filter>HAL\opengl\shaders\GLSL\v400</Filter>
    </None>
    <None Include="..\..\..\HAL\opengl\shaders\GLSL\v400\blinnPhong.frag">
      <Filter>HAL\opengl\shaders\GLSL\v400</Filter>
    </None>
    <None Include="..\..\..\HAL\opengl\shaders\GLSL\v400\blinnPhong.vert">
      <Filter>HAL\opengl\shaders\GLSL\v400</Filter>
    </None>
    <None Include="..\..\..\HAL\opengl\shaders\GLSL\v400\blinnPhongTexture.frag">
      <Filter>HAL\opengl\shaders\GLSL\v400</Filter>
    </None>
    <None Include="..\..\..\HAL\opengl\shaders\GLSL\v400\blinnPhongTexture.vert">
      <Filter>HAL\opengl\shaders\GLSL\v400</Filter>
    </None>
    <None Include="..\..\..\HAL\opengl\shaders\GLSL\v400\blinnPhongTextureBump.frag">
      <Filter>HAL\opengl\shaders\GLSL\v400</Filter>
    </None>
    <None Include="..\..\..\HAL\opengl\shaders\GLSL\v400\blinnPhongTextureBump.vert">
      <Filter>HAL\opengl\shaders\GLSL\v400</Filter>
    </None>
    <None Include="..\..\..\HAL\opengl\shaders\GLSL\v440\TextureBitBlit.frag">
      <Filter>HAL\opengl\shaders\GLSL\v440</Filter>
    </None>
    <None Include="..\..\..\HAL\opengl\shaders\GLSL\v440\TextureBitBlit.vert">
      <Filter>HAL\opengl\shaders\GLSL\v440</Filter>
    </None>
  </ItemGroup>
  <ItemGroup>
    <Text Include="..\..\..\dreampaths.txt" />
  </ItemGroup>
</Project>