// !$*UTF8*$!
{
	archiveVersion = 1;
	classes = {
	};
	objectVersion = 46;
	objects = {

/* Begin PBXBuildFile section */
		261C1F5E1C87802400C9D1DF /* OGLFragmentShader.cpp in Sources */ = {isa = PBXBuildFile; fileRef = 261C1F501C87802400C9D1DF /* OGLFragmentShader.cpp */; };
		261C1F5F1C87802400C9D1DF /* OGLVertexShader.cpp in Sources */ = {isa = PBXBuildFile; fileRef = 261C1F551C87802400C9D1DF /* OGLVertexShader.cpp */; };
		261C1F601C87802400C9D1DF /* OpenGLImp.cpp in Sources */ = {isa = PBXBuildFile; fileRef = 261C1F591C87802400C9D1DF /* OpenGLImp.cpp */; };
		261C1F611C87802400C9D1DF /* OpenGLShader.cpp in Sources */ = {isa = PBXBuildFile; fileRef = 261C1F5B1C87802400C9D1DF /* OpenGLShader.cpp */; };
		261E66F41C1FFA2800B21EBC /* AppKit.framework in Frameworks */ = {isa = PBXBuildFile; fileRef = 261E66F31C1FFA2800B21EBC /* AppKit.framework */; };
		261E66F91C2076CB00B21EBC /* OpenGL.framework in Frameworks */ = {isa = PBXBuildFile; fileRef = 261E66F81C2076CB00B21EBC /* OpenGL.framework */; };
		26B1EF491C852B6400A6D3C5 /* DreamOSMain.cpp in Sources */ = {isa = PBXBuildFile; fileRef = 26B1EF461C852B6400A6D3C5 /* DreamOSMain.cpp */; };
		26B1EF681C852C8F00A6D3C5 /* OSXApplication.mm in Sources */ = {isa = PBXBuildFile; fileRef = 26B1EF531C852C8F00A6D3C5 /* OSXApplication.mm */; };
		26B1EF691C852C8F00A6D3C5 /* OSXAppDelegate.mm in Sources */ = {isa = PBXBuildFile; fileRef = 26B1EF551C852C8F00A6D3C5 /* OSXAppDelegate.mm */; };
		26B1EF6A1C852C8F00A6D3C5 /* OSXOpenGLView.m in Sources */ = {isa = PBXBuildFile; fileRef = 26B1EF571C852C8F00A6D3C5 /* OSXOpenGLView.m */; };
		26B1EF6B1C852C8F00A6D3C5 /* PathManager.cpp in Sources */ = {isa = PBXBuildFile; fileRef = 26B1EF581C852C8F00A6D3C5 /* PathManager.cpp */; };
		26B1EF6C1C852C8F00A6D3C5 /* PathManagerFactory.cpp in Sources */ = {isa = PBXBuildFile; fileRef = 26B1EF5A1C852C8F00A6D3C5 /* PathManagerFactory.cpp */; };
		26B1EF6D1C852C8F00A6D3C5 /* SandboxFactory.cpp in Sources */ = {isa = PBXBuildFile; fileRef = 26B1EF5D1C852C8F00A6D3C5 /* SandboxFactory.cpp */; };
		26B1EF811C852FBE00A6D3C5 /* OSXPathManager.cpp in Sources */ = {isa = PBXBuildFile; fileRef = 26B1EF801C852FBE00A6D3C5 /* OSXPathManager.cpp */; };
		26B1EFA31C860A1D00A6D3C5 /* point.cpp in Sources */ = {isa = PBXBuildFile; fileRef = 26B1EF881C860A1D00A6D3C5 /* point.cpp */; };
		26B1EFA41C860A1D00A6D3C5 /* ProjectionMatrix.cpp in Sources */ = {isa = PBXBuildFile; fileRef = 26B1EF8A1C860A1D00A6D3C5 /* ProjectionMatrix.cpp */; };
		26B1EFA51C860A1D00A6D3C5 /* TypesTests.cpp in Sources */ = {isa = PBXBuildFile; fileRef = 26B1EF991C860A1D00A6D3C5 /* TypesTests.cpp */; };
		26B1EFA61C860A1D00A6D3C5 /* UID.cpp in Sources */ = {isa = PBXBuildFile; fileRef = 26B1EF9B1C860A1D00A6D3C5 /* UID.cpp */; };
		26B1EFAE1C860FE400A6D3C5 /* OSXSandboxApp.cpp in Sources */ = {isa = PBXBuildFile; fileRef = 26B1EFAD1C860FE400A6D3C5 /* OSXSandboxApp.cpp */; };
/* End PBXBuildFile section */

/* Begin PBXCopyFilesBuildPhase section */
		26E4C3851C17CB5200B8D1E3 /* CopyFiles */ = {
			isa = PBXCopyFilesBuildPhase;
			buildActionMask = 2147483647;
			dstPath = /usr/share/man/man1/;
			dstSubfolderSpec = 0;
			files = (
			);
			runOnlyForDeploymentPostprocessing = 1;
		};
/* End PBXCopyFilesBuildPhase section */

/* Begin PBXFileReference section */
		261C1F4A1C87802400C9D1DF /* HAL.h */ = {isa = PBXFileReference; fileEncoding = 4; lastKnownFileType = sourcecode.c.h; path = HAL.h; sourceTree = "<group>"; };
		261C1F4B1C87802400C9D1DF /* HALImp.h */ = {isa = PBXFileReference; fileEncoding = 4; lastKnownFileType = sourcecode.c.h; path = HALImp.h; sourceTree = "<group>"; };
		261C1F4E1C87802400C9D1DF /* minimal.frag */ = {isa = PBXFileReference; fileEncoding = 4; lastKnownFileType = sourcecode.glsl; path = minimal.frag; sourceTree = "<group>"; };
		261C1F4F1C87802400C9D1DF /* minimal.vert */ = {isa = PBXFileReference; fileEncoding = 4; lastKnownFileType = sourcecode.glsl; path = minimal.vert; sourceTree = "<group>"; };
		261C1F501C87802400C9D1DF /* OGLFragmentShader.cpp */ = {isa = PBXFileReference; fileEncoding = 4; lastKnownFileType = sourcecode.cpp.cpp; path = OGLFragmentShader.cpp; sourceTree = "<group>"; };
		261C1F511C87802400C9D1DF /* OGLFragmentShader.h */ = {isa = PBXFileReference; fileEncoding = 4; lastKnownFileType = sourcecode.c.h; path = OGLFragmentShader.h; sourceTree = "<group>"; };
		261C1F521C87802400C9D1DF /* OGLObj.h */ = {isa = PBXFileReference; fileEncoding = 4; lastKnownFileType = sourcecode.c.h; path = OGLObj.h; sourceTree = "<group>"; };
		261C1F531C87802400C9D1DF /* OGLQuad.h */ = {isa = PBXFileReference; fileEncoding = 4; lastKnownFileType = sourcecode.c.h; path = OGLQuad.h; sourceTree = "<group>"; };
		261C1F541C87802400C9D1DF /* OGLTriangle.h */ = {isa = PBXFileReference; fileEncoding = 4; lastKnownFileType = sourcecode.c.h; path = OGLTriangle.h; sourceTree = "<group>"; };
		261C1F551C87802400C9D1DF /* OGLVertexShader.cpp */ = {isa = PBXFileReference; fileEncoding = 4; lastKnownFileType = sourcecode.cpp.cpp; path = OGLVertexShader.cpp; sourceTree = "<group>"; };
		261C1F561C87802400C9D1DF /* OGLVertexShader.h */ = {isa = PBXFileReference; fileEncoding = 4; lastKnownFileType = sourcecode.c.h; path = OGLVertexShader.h; sourceTree = "<group>"; };
		261C1F571C87802400C9D1DF /* OGLVolume.h */ = {isa = PBXFileReference; fileEncoding = 4; lastKnownFileType = sourcecode.c.h; path = OGLVolume.h; sourceTree = "<group>"; };
		261C1F581C87802400C9D1DF /* opengl.h */ = {isa = PBXFileReference; fileEncoding = 4; lastKnownFileType = sourcecode.c.h; path = opengl.h; sourceTree = "<group>"; };
		261C1F591C87802400C9D1DF /* OpenGLImp.cpp */ = {isa = PBXFileReference; fileEncoding = 4; lastKnownFileType = sourcecode.cpp.cpp; path = OpenGLImp.cpp; sourceTree = "<group>"; };
		261C1F5A1C87802400C9D1DF /* OpenGLImp.h */ = {isa = PBXFileReference; fileEncoding = 4; lastKnownFileType = sourcecode.c.h; path = OpenGLImp.h; sourceTree = "<group>"; };
		261C1F5B1C87802400C9D1DF /* OpenGLShader.cpp */ = {isa = PBXFileReference; fileEncoding = 4; lastKnownFileType = sourcecode.cpp.cpp; path = OpenGLShader.cpp; sourceTree = "<group>"; };
		261C1F5C1C87802400C9D1DF /* OpenGLShader.h */ = {isa = PBXFileReference; fileEncoding = 4; lastKnownFileType = sourcecode.c.h; path = OpenGLShader.h; sourceTree = "<group>"; };
		261C1F5D1C87802400C9D1DF /* Shader.h */ = {isa = PBXFileReference; fileEncoding = 4; lastKnownFileType = sourcecode.c.h; path = Shader.h; sourceTree = "<group>"; };
		261E66F31C1FFA2800B21EBC /* AppKit.framework */ = {isa = PBXFileReference; lastKnownFileType = wrapper.framework; name = AppKit.framework; path = System/Library/Frameworks/AppKit.framework; sourceTree = SDKROOT; };
		261E66F81C2076CB00B21EBC /* OpenGL.framework */ = {isa = PBXFileReference; lastKnownFileType = wrapper.framework; name = OpenGL.framework; path = System/Library/Frameworks/OpenGL.framework; sourceTree = SDKROOT; };
		26B1EF461C852B6400A6D3C5 /* DreamOSMain.cpp */ = {isa = PBXFileReference; fileEncoding = 4; lastKnownFileType = sourcecode.cpp.cpp; name = DreamOSMain.cpp; path = ../../DreamOSMain.cpp; sourceTree = "<group>"; };
		26B1EF471C852B6400A6D3C5 /* DreamOSMain.h */ = {isa = PBXFileReference; fileEncoding = 4; lastKnownFileType = sourcecode.c.h; name = DreamOSMain.h; path = ../../DreamOSMain.h; sourceTree = "<group>"; };
		26B1EF481C852B6400A6D3C5 /* dreampaths.txt */ = {isa = PBXFileReference; fileEncoding = 4; lastKnownFileType = text; name = dreampaths.txt; path = ../../dreampaths.txt; sourceTree = "<group>"; };
		26B1EF4A1C852B8700A6D3C5 /* EHM.h */ = {isa = PBXFileReference; fileEncoding = 4; lastKnownFileType = sourcecode.c.h; name = EHM.h; path = ../../RESULT/EHM.h; sourceTree = "<group>"; };
		26B1EF4B1C852B8700A6D3C5 /* RESULT.h */ = {isa = PBXFileReference; fileEncoding = 4; lastKnownFileType = sourcecode.c.h; name = RESULT.h; path = ../../RESULT/RESULT.h; sourceTree = "<group>"; };
		26B1EF4C1C852B8700A6D3C5 /* STDTYPES.h */ = {isa = PBXFileReference; fileEncoding = 4; lastKnownFileType = sourcecode.c.h; name = STDTYPES.h; path = ../../RESULT/STDTYPES.h; sourceTree = "<group>"; };
		26B1EF521C852C8F00A6D3C5 /* OSXApplication.h */ = {isa = PBXFileReference; fileEncoding = 4; lastKnownFileType = sourcecode.c.h; path = OSXApplication.h; sourceTree = "<group>"; };
		26B1EF531C852C8F00A6D3C5 /* OSXApplication.mm */ = {isa = PBXFileReference; fileEncoding = 4; lastKnownFileType = sourcecode.cpp.objcpp; path = OSXApplication.mm; sourceTree = "<group>"; };
		26B1EF541C852C8F00A6D3C5 /* OSXAppDelegate.h */ = {isa = PBXFileReference; fileEncoding = 4; lastKnownFileType = sourcecode.c.h; path = OSXAppDelegate.h; sourceTree = "<group>"; };
		26B1EF551C852C8F00A6D3C5 /* OSXAppDelegate.mm */ = {isa = PBXFileReference; fileEncoding = 4; lastKnownFileType = sourcecode.cpp.objcpp; path = OSXAppDelegate.mm; sourceTree = "<group>"; };
		26B1EF561C852C8F00A6D3C5 /* OSXOpenGLView.h */ = {isa = PBXFileReference; fileEncoding = 4; lastKnownFileType = sourcecode.c.h; path = OSXOpenGLView.h; sourceTree = "<group>"; };
		26B1EF571C852C8F00A6D3C5 /* OSXOpenGLView.m */ = {isa = PBXFileReference; fileEncoding = 4; lastKnownFileType = sourcecode.c.objc; path = OSXOpenGLView.m; sourceTree = "<group>"; };
		26B1EF581C852C8F00A6D3C5 /* PathManager.cpp */ = {isa = PBXFileReference; fileEncoding = 4; lastKnownFileType = sourcecode.cpp.cpp; path = PathManager.cpp; sourceTree = "<group>"; };
		26B1EF591C852C8F00A6D3C5 /* PathManager.h */ = {isa = PBXFileReference; fileEncoding = 4; lastKnownFileType = sourcecode.c.h; path = PathManager.h; sourceTree = "<group>"; };
		26B1EF5A1C852C8F00A6D3C5 /* PathManagerFactory.cpp */ = {isa = PBXFileReference; fileEncoding = 4; lastKnownFileType = sourcecode.cpp.cpp; path = PathManagerFactory.cpp; sourceTree = "<group>"; };
		26B1EF5B1C852C8F00A6D3C5 /* PathManagerFactory.h */ = {isa = PBXFileReference; fileEncoding = 4; lastKnownFileType = sourcecode.c.h; path = PathManagerFactory.h; sourceTree = "<group>"; };
		26B1EF5C1C852C8F00A6D3C5 /* SandboxApp.h */ = {isa = PBXFileReference; fileEncoding = 4; lastKnownFileType = sourcecode.c.h; path = SandboxApp.h; sourceTree = "<group>"; };
		26B1EF5D1C852C8F00A6D3C5 /* SandboxFactory.cpp */ = {isa = PBXFileReference; fileEncoding = 4; lastKnownFileType = sourcecode.cpp.cpp; path = SandboxFactory.cpp; sourceTree = "<group>"; };
		26B1EF5E1C852C8F00A6D3C5 /* SandboxFactory.h */ = {isa = PBXFileReference; fileEncoding = 4; lastKnownFileType = sourcecode.c.h; path = SandboxFactory.h; sourceTree = "<group>"; };
		26B1EF721C852F5E00A6D3C5 /* OSXPathManager.h */ = {isa = PBXFileReference; lastKnownFileType = sourcecode.c.h; path = OSXPathManager.h; sourceTree = "<group>"; };
		26B1EF751C852F6D00A6D3C5 /* Win64Keyboard.h */ = {isa = PBXFileReference; fileEncoding = 4; lastKnownFileType = sourcecode.c.h; path = Win64Keyboard.h; sourceTree = "<group>"; };
		26B1EF771C852F6D00A6D3C5 /* Win64Mouse.h */ = {isa = PBXFileReference; fileEncoding = 4; lastKnownFileType = sourcecode.c.h; path = Win64Mouse.h; sourceTree = "<group>"; };
		26B1EF791C852F6D00A6D3C5 /* Win64PathManager.h */ = {isa = PBXFileReference; fileEncoding = 4; lastKnownFileType = sourcecode.c.h; path = Win64PathManager.h; sourceTree = "<group>"; };
		26B1EF7B1C852F6D00A6D3C5 /* Windows64App.h */ = {isa = PBXFileReference; fileEncoding = 4; lastKnownFileType = sourcecode.c.h; path = Windows64App.h; sourceTree = "<group>"; };
		26B1EF801C852FBE00A6D3C5 /* OSXPathManager.cpp */ = {isa = PBXFileReference; fileEncoding = 4; lastKnownFileType = sourcecode.cpp.cpp; path = OSXPathManager.cpp; sourceTree = "<group>"; };
		26B1EF831C860A1D00A6D3C5 /* AABV.h */ = {isa = PBXFileReference; fileEncoding = 4; lastKnownFileType = sourcecode.c.h; path = AABV.h; sourceTree = "<group>"; };
		26B1EF841C860A1D00A6D3C5 /* camera.h */ = {isa = PBXFileReference; fileEncoding = 4; lastKnownFileType = sourcecode.c.h; path = camera.h; sourceTree = "<group>"; };
		26B1EF851C860A1D00A6D3C5 /* color.h */ = {isa = PBXFileReference; fileEncoding = 4; lastKnownFileType = sourcecode.c.h; path = color.h; sourceTree = "<group>"; };
		26B1EF861C860A1D00A6D3C5 /* DimObj.h */ = {isa = PBXFileReference; fileEncoding = 4; lastKnownFileType = sourcecode.c.h; path = DimObj.h; sourceTree = "<group>"; };
		26B1EF871C860A1D00A6D3C5 /* matrix.h */ = {isa = PBXFileReference; fileEncoding = 4; lastKnownFileType = sourcecode.c.h; path = matrix.h; sourceTree = "<group>"; };
		26B1EF881C860A1D00A6D3C5 /* point.cpp */ = {isa = PBXFileReference; fileEncoding = 4; lastKnownFileType = sourcecode.cpp.cpp; path = point.cpp; sourceTree = "<group>"; };
		26B1EF891C860A1D00A6D3C5 /* point.h */ = {isa = PBXFileReference; fileEncoding = 4; lastKnownFileType = sourcecode.c.h; path = point.h; sourceTree = "<group>"; };
		26B1EF8A1C860A1D00A6D3C5 /* ProjectionMatrix.cpp */ = {isa = PBXFileReference; fileEncoding = 4; lastKnownFileType = sourcecode.cpp.cpp; path = ProjectionMatrix.cpp; sourceTree = "<group>"; };
		26B1EF8B1C860A1D00A6D3C5 /* ProjectionMatrix.h */ = {isa = PBXFileReference; fileEncoding = 4; lastKnownFileType = sourcecode.c.h; path = ProjectionMatrix.h; sourceTree = "<group>"; };
		26B1EF8C1C860A1D00A6D3C5 /* Publisher.h */ = {isa = PBXFileReference; fileEncoding = 4; lastKnownFileType = sourcecode.c.h; path = Publisher.h; sourceTree = "<group>"; };
		26B1EF8D1C860A1D00A6D3C5 /* quad.h */ = {isa = PBXFileReference; fileEncoding = 4; lastKnownFileType = sourcecode.c.h; path = quad.h; sourceTree = "<group>"; };
		26B1EF8E1C860A1D00A6D3C5 /* RotationMatrix.h */ = {isa = PBXFileReference; fileEncoding = 4; lastKnownFileType = sourcecode.c.h; path = RotationMatrix.h; sourceTree = "<group>"; };
		26B1EF8F1C860A1D00A6D3C5 /* ScalingMatrix.h */ = {isa = PBXFileReference; fileEncoding = 4; lastKnownFileType = sourcecode.c.h; path = ScalingMatrix.h; sourceTree = "<group>"; };
		26B1EF901C860A1D00A6D3C5 /* Subscriber.h */ = {isa = PBXFileReference; fileEncoding = 4; lastKnownFileType = sourcecode.c.h; path = Subscriber.h; sourceTree = "<group>"; };
		26B1EF911C860A1D00A6D3C5 /* texture.h */ = {isa = PBXFileReference; fileEncoding = 4; lastKnownFileType = sourcecode.c.h; path = texture.h; sourceTree = "<group>"; };
		26B1EF921C860A1D00A6D3C5 /* TranslationMatrix.h */ = {isa = PBXFileReference; fileEncoding = 4; lastKnownFileType = sourcecode.c.h; path = TranslationMatrix.h; sourceTree = "<group>"; };
		26B1EF931C860A1D00A6D3C5 /* Triangle.h */ = {isa = PBXFileReference; fileEncoding = 4; lastKnownFileType = sourcecode.c.h; path = Triangle.h; sourceTree = "<group>"; };
		26B1EF941C860A1D00A6D3C5 /* TriangleIndexGroup.h */ = {isa = PBXFileReference; fileEncoding = 4; lastKnownFileType = sourcecode.c.h; path = TriangleIndexGroup.h; sourceTree = "<group>"; };
		26B1EF961C860A1D00A6D3C5 /* Number.h */ = {isa = PBXFileReference; fileEncoding = 4; lastKnownFileType = sourcecode.c.h; path = Number.h; sourceTree = "<group>"; };
		26B1EF971C860A1D00A6D3C5 /* TypeObj.h */ = {isa = PBXFileReference; fileEncoding = 4; lastKnownFileType = sourcecode.c.h; path = TypeObj.h; sourceTree = "<group>"; };
		26B1EF981C860A1D00A6D3C5 /* Types.h */ = {isa = PBXFileReference; fileEncoding = 4; lastKnownFileType = sourcecode.c.h; path = Types.h; sourceTree = "<group>"; };
		26B1EF991C860A1D00A6D3C5 /* TypesTests.cpp */ = {isa = PBXFileReference; fileEncoding = 4; lastKnownFileType = sourcecode.cpp.cpp; path = TypesTests.cpp; sourceTree = "<group>"; };
		26B1EF9A1C860A1D00A6D3C5 /* TypesTests.h */ = {isa = PBXFileReference; fileEncoding = 4; lastKnownFileType = sourcecode.c.h; path = TypesTests.h; sourceTree = "<group>"; };
		26B1EF9B1C860A1D00A6D3C5 /* UID.cpp */ = {isa = PBXFileReference; fileEncoding = 4; lastKnownFileType = sourcecode.cpp.cpp; path = UID.cpp; sourceTree = "<group>"; };
		26B1EF9C1C860A1D00A6D3C5 /* UID.h */ = {isa = PBXFileReference; fileEncoding = 4; lastKnownFileType = sourcecode.c.h; path = UID.h; sourceTree = "<group>"; };
		26B1EF9D1C860A1D00A6D3C5 /* valid.h */ = {isa = PBXFileReference; fileEncoding = 4; lastKnownFileType = sourcecode.c.h; path = valid.h; sourceTree = "<group>"; };
		26B1EF9E1C860A1D00A6D3C5 /* vector.h */ = {isa = PBXFileReference; fileEncoding = 4; lastKnownFileType = sourcecode.c.h; path = vector.h; sourceTree = "<group>"; };
		26B1EF9F1C860A1D00A6D3C5 /* Vertex.h */ = {isa = PBXFileReference; fileEncoding = 4; lastKnownFileType = sourcecode.c.h; path = Vertex.h; sourceTree = "<group>"; };
		26B1EFA01C860A1D00A6D3C5 /* ViewMatrix.h */ = {isa = PBXFileReference; fileEncoding = 4; lastKnownFileType = sourcecode.c.h; path = ViewMatrix.h; sourceTree = "<group>"; };
		26B1EFA11C860A1D00A6D3C5 /* VirtualObj.h */ = {isa = PBXFileReference; fileEncoding = 4; lastKnownFileType = sourcecode.c.h; path = VirtualObj.h; sourceTree = "<group>"; };
		26B1EFA21C860A1D00A6D3C5 /* volume.h */ = {isa = PBXFileReference; fileEncoding = 4; lastKnownFileType = sourcecode.c.h; path = volume.h; sourceTree = "<group>"; };
		26B1EFA81C860A7D00A6D3C5 /* config.h */ = {isa = PBXFileReference; fileEncoding = 4; lastKnownFileType = sourcecode.c.h; path = config.h; sourceTree = "<group>"; };
		26B1EFAA1C860A7D00A6D3C5 /* Factory.h */ = {isa = PBXFileReference; fileEncoding = 4; lastKnownFileType = sourcecode.c.h; path = Factory.h; sourceTree = "<group>"; };
		26B1EFAB1C860A7D00A6D3C5 /* Object.h */ = {isa = PBXFileReference; fileEncoding = 4; lastKnownFileType = sourcecode.c.h; path = Object.h; sourceTree = "<group>"; };
		26B1EFAD1C860FE400A6D3C5 /* OSXSandboxApp.cpp */ = {isa = PBXFileReference; fileEncoding = 4; lastKnownFileType = sourcecode.cpp.cpp; path = OSXSandboxApp.cpp; sourceTree = "<group>"; };
		26B1EFAF1C8610D400A6D3C5 /* OSXSandboxApp.h */ = {isa = PBXFileReference; lastKnownFileType = sourcecode.c.h; path = OSXSandboxApp.h; sourceTree = "<group>"; };
		26E4C3871C17CB5200B8D1E3 /* DreamOS */ = {isa = PBXFileReference; explicitFileType = "compiled.mach-o.executable"; includeInIndex = 0; path = DreamOS; sourceTree = BUILT_PRODUCTS_DIR; };
/* End PBXFileReference section */

/* Begin PBXFrameworksBuildPhase section */
		26E4C3841C17CB5200B8D1E3 /* Frameworks */ = {
			isa = PBXFrameworksBuildPhase;
			buildActionMask = 2147483647;
			files = (
				261E66F91C2076CB00B21EBC /* OpenGL.framework in Frameworks */,
				261E66F41C1FFA2800B21EBC /* AppKit.framework in Frameworks */,
			);
			runOnlyForDeploymentPostprocessing = 0;
		};
/* End PBXFrameworksBuildPhase section */

/* Begin PBXGroup section */
		261C1F491C87802400C9D1DF /* HAL */ = {
			isa = PBXGroup;
			children = (
				261C1F4C1C87802400C9D1DF /* opengl */,
				261C1F4A1C87802400C9D1DF /* HAL.h */,
				261C1F4B1C87802400C9D1DF /* HALImp.h */,
				261C1F5D1C87802400C9D1DF /* Shader.h */,
			);
			name = HAL;
			path = ../../HAL;
			sourceTree = "<group>";
		};
		261C1F4C1C87802400C9D1DF /* opengl */ = {
			isa = PBXGroup;
			children = (
				261C1F4D1C87802400C9D1DF /* GLSL */,
				261C1F501C87802400C9D1DF /* OGLFragmentShader.cpp */,
				261C1F511C87802400C9D1DF /* OGLFragmentShader.h */,
				261C1F521C87802400C9D1DF /* OGLObj.h */,
				261C1F531C87802400C9D1DF /* OGLQuad.h */,
				261C1F541C87802400C9D1DF /* OGLTriangle.h */,
				261C1F551C87802400C9D1DF /* OGLVertexShader.cpp */,
				261C1F561C87802400C9D1DF /* OGLVertexShader.h */,
				261C1F571C87802400C9D1DF /* OGLVolume.h */,
				261C1F581C87802400C9D1DF /* opengl.h */,
				261C1F591C87802400C9D1DF /* OpenGLImp.cpp */,
				261C1F5A1C87802400C9D1DF /* OpenGLImp.h */,
				261C1F5B1C87802400C9D1DF /* OpenGLShader.cpp */,
				261C1F5C1C87802400C9D1DF /* OpenGLShader.h */,
			);
			path = opengl;
			sourceTree = "<group>";
		};
		261C1F4D1C87802400C9D1DF /* GLSL */ = {
			isa = PBXGroup;
			children = (
				261C1F4E1C87802400C9D1DF /* minimal.frag */,
				261C1F4F1C87802400C9D1DF /* minimal.vert */,
			);
			path = GLSL;
			sourceTree = "<group>";
		};
		26B1EF4D1C852B8C00A6D3C5 /* RESULT */ = {
			isa = PBXGroup;
			children = (
				26B1EF4A1C852B8700A6D3C5 /* EHM.h */,
				26B1EF4B1C852B8700A6D3C5 /* RESULT.h */,
				26B1EF4C1C852B8700A6D3C5 /* STDTYPES.h */,
			);
			name = RESULT;
			sourceTree = "<group>";
		};
		26B1EF4E1C852B9B00A6D3C5 /* Main */ = {
			isa = PBXGroup;
			children = (
				26B1EF461C852B6400A6D3C5 /* DreamOSMain.cpp */,
				26B1EF471C852B6400A6D3C5 /* DreamOSMain.h */,
			);
			name = Main;
			sourceTree = "<group>";
		};
		26B1EF4F1C852C6E00A6D3C5 /* Resources */ = {
			isa = PBXGroup;
			children = (
				26B1EF481C852B6400A6D3C5 /* dreampaths.txt */,
			);
			name = Resources;
			sourceTree = "<group>";
		};
		26B1EF501C852C8F00A6D3C5 /* Sandbox */ = {
			isa = PBXGroup;
			children = (
				26B1EF731C852F6D00A6D3C5 /* Windows */,
				26B1EF511C852C8F00A6D3C5 /* OSX */,
				26B1EF581C852C8F00A6D3C5 /* PathManager.cpp */,
				26B1EF591C852C8F00A6D3C5 /* PathManager.h */,
				26B1EF5A1C852C8F00A6D3C5 /* PathManagerFactory.cpp */,
				26B1EF5B1C852C8F00A6D3C5 /* PathManagerFactory.h */,
				26B1EF5C1C852C8F00A6D3C5 /* SandboxApp.h */,
				26B1EF5D1C852C8F00A6D3C5 /* SandboxFactory.cpp */,
				26B1EF5E1C852C8F00A6D3C5 /* SandboxFactory.h */,
			);
			name = Sandbox;
			path = ../../Sandbox;
			sourceTree = "<group>";
		};
		26B1EF511C852C8F00A6D3C5 /* OSX */ = {
			isa = PBXGroup;
			children = (
				26B1EF531C852C8F00A6D3C5 /* OSXApplication.mm */,
				26B1EF521C852C8F00A6D3C5 /* OSXApplication.h */,
				26B1EFAC1C860F9E00A6D3C5 /* old_obj_c */,
				26B1EF721C852F5E00A6D3C5 /* OSXPathManager.h */,
				26B1EF801C852FBE00A6D3C5 /* OSXPathManager.cpp */,
				26B1EFAD1C860FE400A6D3C5 /* OSXSandboxApp.cpp */,
				26B1EFAF1C8610D400A6D3C5 /* OSXSandboxApp.h */,
			);
			path = OSX;
			sourceTree = "<group>";
		};
		26B1EF731C852F6D00A6D3C5 /* Windows */ = {
			isa = PBXGroup;
			children = (
				26B1EF751C852F6D00A6D3C5 /* Win64Keyboard.h */,
				26B1EF771C852F6D00A6D3C5 /* Win64Mouse.h */,
				26B1EF791C852F6D00A6D3C5 /* Win64PathManager.h */,
				26B1EF7B1C852F6D00A6D3C5 /* Windows64App.h */,
			);
			path = Windows;
			sourceTree = "<group>";
		};
		26B1EF821C860A1D00A6D3C5 /* Primitives */ = {
			isa = PBXGroup;
			children = (
				26B1EF951C860A1D00A6D3C5 /* Types */,
				26B1EF831C860A1D00A6D3C5 /* AABV.h */,
				26B1EF841C860A1D00A6D3C5 /* camera.h */,
				26B1EF851C860A1D00A6D3C5 /* color.h */,
				26B1EF861C860A1D00A6D3C5 /* DimObj.h */,
				26B1EF871C860A1D00A6D3C5 /* matrix.h */,
				26B1EF881C860A1D00A6D3C5 /* point.cpp */,
				26B1EF891C860A1D00A6D3C5 /* point.h */,
				26B1EF8A1C860A1D00A6D3C5 /* ProjectionMatrix.cpp */,
				26B1EF8B1C860A1D00A6D3C5 /* ProjectionMatrix.h */,
				26B1EF8C1C860A1D00A6D3C5 /* Publisher.h */,
				26B1EF8D1C860A1D00A6D3C5 /* quad.h */,
				26B1EF8E1C860A1D00A6D3C5 /* RotationMatrix.h */,
				26B1EF8F1C860A1D00A6D3C5 /* ScalingMatrix.h */,
				26B1EF901C860A1D00A6D3C5 /* Subscriber.h */,
				26B1EF911C860A1D00A6D3C5 /* texture.h */,
				26B1EF921C860A1D00A6D3C5 /* TranslationMatrix.h */,
				26B1EF931C860A1D00A6D3C5 /* Triangle.h */,
				26B1EF941C860A1D00A6D3C5 /* TriangleIndexGroup.h */,
				26B1EF9D1C860A1D00A6D3C5 /* valid.h */,
				26B1EF9E1C860A1D00A6D3C5 /* vector.h */,
				26B1EF9F1C860A1D00A6D3C5 /* Vertex.h */,
				26B1EFA01C860A1D00A6D3C5 /* ViewMatrix.h */,
				26B1EFA11C860A1D00A6D3C5 /* VirtualObj.h */,
				26B1EFA21C860A1D00A6D3C5 /* volume.h */,
			);
			name = Primitives;
			path = ../../Primitives;
			sourceTree = "<group>";
		};
		26B1EF951C860A1D00A6D3C5 /* Types */ = {
			isa = PBXGroup;
			children = (
				26B1EF961C860A1D00A6D3C5 /* Number.h */,
				26B1EF971C860A1D00A6D3C5 /* TypeObj.h */,
				26B1EF981C860A1D00A6D3C5 /* Types.h */,
				26B1EF991C860A1D00A6D3C5 /* TypesTests.cpp */,
				26B1EF9A1C860A1D00A6D3C5 /* TypesTests.h */,
				26B1EF9B1C860A1D00A6D3C5 /* UID.cpp */,
				26B1EF9C1C860A1D00A6D3C5 /* UID.h */,
			);
			path = Types;
			sourceTree = "<group>";
		};
		26B1EFA71C860A7D00A6D3C5 /* Core */ = {
			isa = PBXGroup;
			children = (
				26B1EFA81C860A7D00A6D3C5 /* config.h */,
				26B1EFA91C860A7D00A6D3C5 /* Types */,
			);
			name = Core;
			path = ../../Core;
			sourceTree = "<group>";
		};
		26B1EFA91C860A7D00A6D3C5 /* Types */ = {
			isa = PBXGroup;
			children = (
				26B1EFAA1C860A7D00A6D3C5 /* Factory.h */,
				26B1EFAB1C860A7D00A6D3C5 /* Object.h */,
			);
			path = Types;
			sourceTree = "<group>";
		};
		26B1EFAC1C860F9E00A6D3C5 /* old_obj_c */ = {
			isa = PBXGroup;
			children = (
				26B1EF541C852C8F00A6D3C5 /* OSXAppDelegate.h */,
				26B1EF551C852C8F00A6D3C5 /* OSXAppDelegate.mm */,
				26B1EF561C852C8F00A6D3C5 /* OSXOpenGLView.h */,
				26B1EF571C852C8F00A6D3C5 /* OSXOpenGLView.m */,
			);
			name = old_obj_c;
			sourceTree = "<group>";
		};
		26E4C37E1C17CB5200B8D1E3 = {
			isa = PBXGroup;
			children = (
				261C1F491C87802400C9D1DF /* HAL */,
				26B1EFA71C860A7D00A6D3C5 /* Core */,
				26B1EF501C852C8F00A6D3C5 /* Sandbox */,
				26B1EF821C860A1D00A6D3C5 /* Primitives */,
				26B1EF4F1C852C6E00A6D3C5 /* Resources */,
				26B1EF4E1C852B9B00A6D3C5 /* Main */,
				26B1EF4D1C852B8C00A6D3C5 /* RESULT */,
				261E66F81C2076CB00B21EBC /* OpenGL.framework */,
				261E66F31C1FFA2800B21EBC /* AppKit.framework */,
				26E4C3881C17CB5200B8D1E3 /* Products */,
			);
			sourceTree = "<group>";
		};
		26E4C3881C17CB5200B8D1E3 /* Products */ = {
			isa = PBXGroup;
			children = (
				26E4C3871C17CB5200B8D1E3 /* DreamOS */,
			);
			name = Products;
			sourceTree = "<group>";
		};
/* End PBXGroup section */

/* Begin PBXNativeTarget section */
		26E4C3861C17CB5200B8D1E3 /* DreamOS */ = {
			isa = PBXNativeTarget;
			buildConfigurationList = 26E4C38E1C17CB5200B8D1E3 /* Build configuration list for PBXNativeTarget "DreamOS" */;
			buildPhases = (
				26E4C3831C17CB5200B8D1E3 /* Sources */,
				26E4C3841C17CB5200B8D1E3 /* Frameworks */,
				26E4C3851C17CB5200B8D1E3 /* CopyFiles */,
			);
			buildRules = (
			);
			dependencies = (
			);
			name = DreamOS;
			productName = DreamOS;
			productReference = 26E4C3871C17CB5200B8D1E3 /* DreamOS */;
			productType = "com.apple.product-type.tool";
		};
/* End PBXNativeTarget section */

/* Begin PBXProject section */
		26E4C37F1C17CB5200B8D1E3 /* Project object */ = {
			isa = PBXProject;
			attributes = {
				LastUpgradeCheck = 0610;
				ORGANIZATIONNAME = "Dream Garage";
				TargetAttributes = {
					26E4C3861C17CB5200B8D1E3 = {
						CreatedOnToolsVersion = 6.1.1;
					};
				};
			};
			buildConfigurationList = 26E4C3821C17CB5200B8D1E3 /* Build configuration list for PBXProject "DreamOS" */;
			compatibilityVersion = "Xcode 3.2";
			developmentRegion = English;
			hasScannedForEncodings = 0;
			knownRegions = (
				en,
			);
			mainGroup = 26E4C37E1C17CB5200B8D1E3;
			productRefGroup = 26E4C3881C17CB5200B8D1E3 /* Products */;
			projectDirPath = "";
			projectRoot = "";
			targets = (
				26E4C3861C17CB5200B8D1E3 /* DreamOS */,
			);
		};
/* End PBXProject section */

/* Begin PBXSourcesBuildPhase section */
		26E4C3831C17CB5200B8D1E3 /* Sources */ = {
			isa = PBXSourcesBuildPhase;
			buildActionMask = 2147483647;
			files = (
				26B1EF6A1C852C8F00A6D3C5 /* OSXOpenGLView.m in Sources */,
				26B1EFA51C860A1D00A6D3C5 /* TypesTests.cpp in Sources */,
				26B1EF6C1C852C8F00A6D3C5 /* PathManagerFactory.cpp in Sources */,
				26B1EF691C852C8F00A6D3C5 /* OSXAppDelegate.mm in Sources */,
				26B1EFA41C860A1D00A6D3C5 /* ProjectionMatrix.cpp in Sources */,
				261C1F5E1C87802400C9D1DF /* OGLFragmentShader.cpp in Sources */,
				26B1EF6D1C852C8F00A6D3C5 /* SandboxFactory.cpp in Sources */,
				26B1EFA61C860A1D00A6D3C5 /* UID.cpp in Sources */,
				26B1EF681C852C8F00A6D3C5 /* OSXApplication.mm in Sources */,
				261C1F601C87802400C9D1DF /* OpenGLImp.cpp in Sources */,
				26B1EFA31C860A1D00A6D3C5 /* point.cpp in Sources */,
				261C1F611C87802400C9D1DF /* OpenGLShader.cpp in Sources */,
				261C1F5F1C87802400C9D1DF /* OGLVertexShader.cpp in Sources */,
				26B1EF811C852FBE00A6D3C5 /* OSXPathManager.cpp in Sources */,
				26B1EF6B1C852C8F00A6D3C5 /* PathManager.cpp in Sources */,
				26B1EF491C852B6400A6D3C5 /* DreamOSMain.cpp in Sources */,
				26B1EFAE1C860FE400A6D3C5 /* OSXSandboxApp.cpp in Sources */,
			);
			runOnlyForDeploymentPostprocessing = 0;
		};
/* End PBXSourcesBuildPhase section */

/* Begin XCBuildConfiguration section */
		26E4C38C1C17CB5200B8D1E3 /* Debug */ = {
			isa = XCBuildConfiguration;
			buildSettings = {
				ALWAYS_SEARCH_USER_PATHS = YES;
				CLANG_CXX_LANGUAGE_STANDARD = "gnu++0x";
				CLANG_CXX_LIBRARY = "libc++";
				CLANG_ENABLE_MODULES = YES;
				CLANG_ENABLE_OBJC_ARC = YES;
				CLANG_WARN_BOOL_CONVERSION = YES;
				CLANG_WARN_CONSTANT_CONVERSION = YES;
				CLANG_WARN_DIRECT_OBJC_ISA_USAGE = YES_ERROR;
				CLANG_WARN_EMPTY_BODY = YES;
				CLANG_WARN_ENUM_CONVERSION = YES;
				CLANG_WARN_INT_CONVERSION = YES;
				CLANG_WARN_OBJC_ROOT_CLASS = YES_ERROR;
				CLANG_WARN_UNREACHABLE_CODE = YES;
				CLANG_WARN__DUPLICATE_METHOD_MATCH = YES;
				COPY_PHASE_STRIP = NO;
				ENABLE_STRICT_OBJC_MSGSEND = YES;
				GCC_C_LANGUAGE_STANDARD = gnu99;
				GCC_DYNAMIC_NO_PIC = NO;
				GCC_INPUT_FILETYPE = sourcecode.cpp.objcpp;
				GCC_OPTIMIZATION_LEVEL = 0;
				GCC_PREFIX_HEADER = ../../Core/config.h;
				GCC_PREPROCESSOR_DEFINITIONS = (
					"DEBUG=1",
					"$(inherited)",
				);
				GCC_SYMBOLS_PRIVATE_EXTERN = NO;
				GCC_WARN_64_TO_32_BIT_CONVERSION = YES;
				GCC_WARN_ABOUT_RETURN_TYPE = YES_ERROR;
				GCC_WARN_UNDECLARED_SELECTOR = YES;
				GCC_WARN_UNINITIALIZED_AUTOS = YES_AGGRESSIVE;
				GCC_WARN_UNUSED_FUNCTION = YES;
				GCC_WARN_UNUSED_VARIABLE = YES;
				HEADER_SEARCH_PATHS = (
					"$(inherited)",
					/Applications/Xcode.app/Contents/Developer/Toolchains/XcodeDefault.xctoolchain/usr/include,
					"~/dev/DreamGarage/DreamOS",
				);
				INIT_ROUTINE = "";
				MACOSX_DEPLOYMENT_TARGET = 10.10;
				MODULE_START = "";
				MTL_ENABLE_DEBUG_INFO = YES;
				ONLY_ACTIVE_ARCH = YES;
				SDKROOT = macosx;
			};
			name = Debug;
		};
		26E4C38D1C17CB5200B8D1E3 /* Release */ = {
			isa = XCBuildConfiguration;
			buildSettings = {
				ALWAYS_SEARCH_USER_PATHS = YES;
				CLANG_CXX_LANGUAGE_STANDARD = "gnu++0x";
				CLANG_CXX_LIBRARY = "libc++";
				CLANG_ENABLE_MODULES = YES;
				CLANG_ENABLE_OBJC_ARC = YES;
				CLANG_WARN_BOOL_CONVERSION = YES;
				CLANG_WARN_CONSTANT_CONVERSION = YES;
				CLANG_WARN_DIRECT_OBJC_ISA_USAGE = YES_ERROR;
				CLANG_WARN_EMPTY_BODY = YES;
				CLANG_WARN_ENUM_CONVERSION = YES;
				CLANG_WARN_INT_CONVERSION = YES;
				CLANG_WARN_OBJC_ROOT_CLASS = YES_ERROR;
				CLANG_WARN_UNREACHABLE_CODE = YES;
				CLANG_WARN__DUPLICATE_METHOD_MATCH = YES;
				COPY_PHASE_STRIP = YES;
				DEBUG_INFORMATION_FORMAT = "dwarf-with-dsym";
				ENABLE_NS_ASSERTIONS = NO;
				ENABLE_STRICT_OBJC_MSGSEND = YES;
				GCC_C_LANGUAGE_STANDARD = gnu99;
				GCC_INPUT_FILETYPE = sourcecode.cpp.objcpp;
				GCC_PREFIX_HEADER = ../../Core/config.h;
				GCC_WARN_64_TO_32_BIT_CONVERSION = YES;
				GCC_WARN_ABOUT_RETURN_TYPE = YES_ERROR;
				GCC_WARN_UNDECLARED_SELECTOR = YES;
				GCC_WARN_UNINITIALIZED_AUTOS = YES_AGGRESSIVE;
				GCC_WARN_UNUSED_FUNCTION = YES;
				GCC_WARN_UNUSED_VARIABLE = YES;
				HEADER_SEARCH_PATHS = (
					"$(inherited)",
					/Applications/Xcode.app/Contents/Developer/Toolchains/XcodeDefault.xctoolchain/usr/include,
					"~/dev/DreamGarage/DreamOS",
				);
				INIT_ROUTINE = "";
				MACOSX_DEPLOYMENT_TARGET = 10.10;
				MODULE_START = "";
				MTL_ENABLE_DEBUG_INFO = NO;
				SDKROOT = macosx;
			};
			name = Release;
		};
		26E4C38F1C17CB5200B8D1E3 /* Debug */ = {
			isa = XCBuildConfiguration;
			buildSettings = {
				PRODUCT_NAME = "$(TARGET_NAME)";
			};
			name = Debug;
		};
		26E4C3901C17CB5200B8D1E3 /* Release */ = {
			isa = XCBuildConfiguration;
			buildSettings = {
				PRODUCT_NAME = "$(TARGET_NAME)";
			};
			name = Release;
		};
/* End XCBuildConfiguration section */

/* Begin XCConfigurationList section */
		26E4C3821C17CB5200B8D1E3 /* Build configuration list for PBXProject "DreamOS" */ = {
			isa = XCConfigurationList;
			buildConfigurations = (
				26E4C38C1C17CB5200B8D1E3 /* Debug */,
				26E4C38D1C17CB5200B8D1E3 /* Release */,
			);
			defaultConfigurationIsVisible = 0;
			defaultConfigurationName = Release;
		};
		26E4C38E1C17CB5200B8D1E3 /* Build configuration list for PBXNativeTarget "DreamOS" */ = {
			isa = XCConfigurationList;
			buildConfigurations = (
				26E4C38F1C17CB5200B8D1E3 /* Debug */,
				26E4C3901C17CB5200B8D1E3 /* Release */,
			);
			defaultConfigurationIsVisible = 0;
			defaultConfigurationName = Release;
		};
/* End XCConfigurationList section */
	};
	rootObject = 26E4C37F1C17CB5200B8D1E3 /* Project object */;
}
